
Microsoft Visual Studio Solution File, Format Version 12.00
# Visual Studio Version 16
VisualStudioVersion = 16.0.31729.503
MinimumVisualStudioVersion = 10.0.40219.1
Project("{8BC9CEB8-8B4A-11D0-8D11-00A0C91BC942}") = "04_2558", "04_2558\04_2558.vcxproj", "{EC2D6205-7ED5-444C-97A1-CAAA58CC6488}"
EndProject
Project("{8BC9CEB8-8B4A-11D0-8D11-00A0C91BC942}") = "05_2738", "05_2738\05_2738.vcxproj", "{A8051314-E652-45BD-9312-B8AE56ABFE94}"
EndProject
Project("{8BC9CEB8-8B4A-11D0-8D11-00A0C91BC942}") = "01_1271", "01_1271\01_1271.vcxproj", "{51EAB0F0-3609-4F0E-B1B3-38715DFD5E7A}"
EndProject
Project("{8BC9CEB8-8B4A-11D0-8D11-00A0C91BC942}") = "02_2420", "02_2420\02_2420.vcxproj", "{14C23599-3D07-45DA-8A1E-08B2D6548D12}"
EndProject
Project("{8BC9CEB8-8B4A-11D0-8D11-00A0C91BC942}") = "03_2475", "03_2475\03_2475.vcxproj", "{F97DC8D8-9EBD-4B41-A42D-EEE524306AF3}"
EndProject
Project("{8BC9CEB8-8B4A-11D0-8D11-00A0C91BC942}") = "06_2743", "06_2743\06_2743.vcxproj", "{2003CB99-77A4-48E8-97A9-8A1D75B6BA3E}"
EndProject
Project("{8BC9CEB8-8B4A-11D0-8D11-00A0C91BC942}") = "07_2744", "07_2744\07_2744.vcxproj", "{A993CAD6-7B97-4087-A12A-C22AC8AC2900}"
EndProject
Project("{8BC9CEB8-8B4A-11D0-8D11-00A0C91BC942}") = "08_2754", "08_2754\08_2754.vcxproj", "{1E3E9DC7-BB87-4157-8119-74058946F88E}"
EndProject
Project("{8BC9CEB8-8B4A-11D0-8D11-00A0C91BC942}") = "09_3003", "09_3003\09_3003.vcxproj", "{3BDD6472-BC57-4CE9-B38A-39516F6094C0}"
EndProject
Project("{8BC9CEB8-8B4A-11D0-8D11-00A0C91BC942}") = "10_4101", "10_4101\10_4101.vcxproj", "{9066E059-C3EA-49FE-8C85-B7D3ADA4E284}"
EndProject
Project("{8BC9CEB8-8B4A-11D0-8D11-00A0C91BC942}") = "11_4999", "11_4999\11_4999.vcxproj", "{920FEF96-57C6-45AA-B42B-5AAFCA146616}"
EndProject
Project("{8BC9CEB8-8B4A-11D0-8D11-00A0C91BC942}") = "12_5337", "12_5337\12_5337.vcxproj", "{371EDB32-7942-46E3-91A1-109BD4F7F1EB}"
EndProject
Project("{8BC9CEB8-8B4A-11D0-8D11-00A0C91BC942}") = "13_5538", "13_5538\13_5538.vcxproj", "{009FBCBB-27C2-429A-8F56-3620C659815B}"
EndProject
Project("{8BC9CEB8-8B4A-11D0-8D11-00A0C91BC942}") = "15_5539", "14_5539\14_5539.vcxproj", "{A1B37AD2-D44C-4292-B2F8-089466025F0B}"
EndProject
Project("{8BC9CEB8-8B4A-11D0-8D11-00A0C91BC942}") = "16_5597", "15_5597\15_5597.vcxproj", "{F6CF9099-4D27-4094-B1B9-BD64DF220DB6}"
EndProject
Project("{8BC9CEB8-8B4A-11D0-8D11-00A0C91BC942}") = "17_7287", "16_7287\16_7287.vcxproj", "{AE7A5EAE-A6E4-47FE-A256-598D2D6A15B8}"
EndProject
Project("{8BC9CEB8-8B4A-11D0-8D11-00A0C91BC942}") = "18_8370", "17_8370\17_8370.vcxproj", "{14BA25F3-20DF-434C-AFE4-AA9EFFC9C1AC}"
EndProject
Project("{8BC9CEB8-8B4A-11D0-8D11-00A0C91BC942}") = "14_5522", "14_5522\14_5522.vcxproj", "{C2CE62B8-B136-47FE-9CF3-514CFEB7A8B7}"
EndProject
Project("{8BC9CEB8-8B4A-11D0-8D11-00A0C91BC942}") = "19_8545", "19_8545\19_8545.vcxproj", "{FDBE96B8-D154-41FE-9F92-9F68EF4FD7E3}"
EndProject
Project("{8BC9CEB8-8B4A-11D0-8D11-00A0C91BC942}") = "20_8871", "20_8871\20_8871.vcxproj", "{516CA8B1-5AB8-4C3D-AA1B-0757F835A066}"
EndProject
Project("{8BC9CEB8-8B4A-11D0-8D11-00A0C91BC942}") = "21_9086", "21_9086\21_9086.vcxproj", "{11FC79C9-C868-4467-83D2-5193B233454D}"
EndProject
Project("{8BC9CEB8-8B4A-11D0-8D11-00A0C91BC942}") = "22_9653", "22_9653\22_9653.vcxproj", "{E2015750-FB56-4117-8B9A-0C21EE6FF954}"
EndProject
Project("{8BC9CEB8-8B4A-11D0-8D11-00A0C91BC942}") = "23_9654", "23_9654\23_9654.vcxproj", "{08DF31E8-EB2A-4B3A-AE47-3693104EBBA2}"
EndProject
Project("{8BC9CEB8-8B4A-11D0-8D11-00A0C91BC942}") = "24_10170", "24_10170\24_10170.vcxproj", "{7FF0610E-3D05-41E8-9096-104D10349DBD}"
EndProject
Project("{8BC9CEB8-8B4A-11D0-8D11-00A0C91BC942}") = "25_10699", "25_10699\25_10699.vcxproj", "{7DB56F35-18E1-43E1-8B4C-D202F12272E6}"
EndProject
Project("{8BC9CEB8-8B4A-11D0-8D11-00A0C91BC942}") = "26_10807", "26_10807\26_10807.vcxproj", "{59C40876-8F4A-4C9A-8BC7-CC0FFC724845}"
EndProject
Project("{8BC9CEB8-8B4A-11D0-8D11-00A0C91BC942}") = "27_11718", "027_11718\027_11718.vcxproj", "{755026F2-4936-402B-A699-0BCE4CE708F5}"
EndProject
Project("{8BC9CEB8-8B4A-11D0-8D11-00A0C91BC942}") = "28_11942", "28_11942\28_11942.vcxproj", "{1FB57DE2-FB75-47E8-A1B9-02CA1DC522BF}"
EndProject
Project("{8BC9CEB8-8B4A-11D0-8D11-00A0C91BC942}") = "29_14645", "029_14645\029_14645.vcxproj", "{978B7CBB-0589-44B3-B4BB-098C37810E94}"
EndProject
Project("{8BC9CEB8-8B4A-11D0-8D11-00A0C91BC942}") = "30_14652", "30_14562\30_14562.vcxproj", "{0DEEFDE4-162F-4EF7-AC75-7760DFBEB13C}"
EndProject
Project("{8BC9CEB8-8B4A-11D0-8D11-00A0C91BC942}") = "31_15727", "31_15727\31_15727.vcxproj", "{93155152-7CDC-4DF2-8B4A-F5B04ED6FDED}"
EndProject
Project("{8BC9CEB8-8B4A-11D0-8D11-00A0C91BC942}") = "32_15733", "32_15733\32_15733.vcxproj", "{A653DF7D-46F7-4ED8-B1A3-0252FA6C39BA}"
EndProject
Project("{8BC9CEB8-8B4A-11D0-8D11-00A0C91BC942}") = "33_15962", "33_15962\33_15962.vcxproj", "{8B08CFDD-9AB1-45A0-96C4-6B76C063B6FA}"
EndProject
Project("{8BC9CEB8-8B4A-11D0-8D11-00A0C91BC942}") = "34_15964", "34_15964\34_15964.vcxproj", "{796AA3DB-F9AA-4CAC-ADFF-0061ED32514D}"
EndProject
Project("{8BC9CEB8-8B4A-11D0-8D11-00A0C91BC942}") = "35_16170", "35_16170\35_16170.vcxproj", "{75BA7AE8-4B2E-40EF-985B-E4104E4787BC}"
EndProject
Project("{8BC9CEB8-8B4A-11D0-8D11-00A0C91BC942}") = "36_16394", "036_16394\036_16394.vcxproj", "{19E4B4C3-1F3D-4F08-AD07-5D3D05ADA12B}"
EndProject
Project("{8BC9CEB8-8B4A-11D0-8D11-00A0C91BC942}") = "37_16430", "37_16430\37_16430.vcxproj", "{B4A3B084-6D5A-47CA-A9E1-C6B618886824}"
EndProject
Project("{8BC9CEB8-8B4A-11D0-8D11-00A0C91BC942}") = "38_17256", "38_17256\38_17256.vcxproj", "{7123E889-5D1C-46C1-AA9D-A64FD5C0A147}"
EndProject
Project("{8BC9CEB8-8B4A-11D0-8D11-00A0C91BC942}") = "39_17295", "39_17295\39_17295.vcxproj", "{4DA351A5-AABF-4BE2-9AFB-36A852582894}"
EndProject
Project("{8BC9CEB8-8B4A-11D0-8D11-00A0C91BC942}") = "40_18096", "40_18096\40_18096.vcxproj", "{1D241CC4-F2F0-4772-9E79-34250A47A770}"
EndProject
Project("{8BC9CEB8-8B4A-11D0-8D11-00A0C91BC942}") = "41_18301", "41_18301\41_18301.vcxproj", "{5C349229-1419-45D4-AEC9-12E3D635DC61}"
EndProject
Project("{8BC9CEB8-8B4A-11D0-8D11-00A0C91BC942}") = "42_20254", "42_20254\42_20254.vcxproj", "{3FDC6DAA-E9A9-4703-AB94-E90AB18ED895}"
EndProject
Project("{8BC9CEB8-8B4A-11D0-8D11-00A0C91BC942}") = "43_20492", "43_20492\43_20492.vcxproj", "{7475ECA1-7BA5-4249-8600-B6260045ECD2}"
EndProject
Project("{8BC9CEB8-8B4A-11D0-8D11-00A0C91BC942}") = "44_21300", "44_21300\44_21300.vcxproj", "{D32EEA88-B701-4ED0-9439-1D0171307155}"
EndProject
Project("{8BC9CEB8-8B4A-11D0-8D11-00A0C91BC942}") = "45_23037", "45_23037\45_23037.vcxproj", "{AF45500C-9EC0-433F-A245-07A120D3902E}"
EndProject
Project("{8BC9CEB8-8B4A-11D0-8D11-00A0C91BC942}") = "46_23234", "46_23234\46_23234.vcxproj", "{C5E963A4-3EF3-45E4-ADE7-83739F4E9F8F}"
EndProject
Project("{8BC9CEB8-8B4A-11D0-8D11-00A0C91BC942}") = "47_24078", "47_24078\47_24078.vcxproj", "{E367170B-D97E-4F45-8FA9-98FAD9480861}"
EndProject
Project("{8BC9CEB8-8B4A-11D0-8D11-00A0C91BC942}") = "48_24082", "48_24082\48_24082.vcxproj", "{A6784221-8F1F-40E7-BDFD-C560E48D13A1}"
EndProject
Project("{8BC9CEB8-8B4A-11D0-8D11-00A0C91BC942}") = "49_24086", "49_24086\49_24086.vcxproj", "{69A361BB-9F19-4943-8F87-71AD63D37DE0}"
EndProject
Project("{8BC9CEB8-8B4A-11D0-8D11-00A0C91BC942}") = "50_24262", "50_24262\50_24262.vcxproj", "{2A173C0E-E83E-415B-91E1-51847A836D88}"
EndProject
Project("{8BC9CEB8-8B4A-11D0-8D11-00A0C91BC942}") = "51_24568", "51_24568\51_24568.vcxproj", "{061D9195-4399-47B3-A636-37032B636A28}"
EndProject
Project("{8BC9CEB8-8B4A-11D0-8D11-00A0C91BC942}") = "52_24860", "52_24860\52_24860.vcxproj", "{B6E64FD6-A8D7-41BB-ACBA-08C6436E29F5}"
EndProject
Project("{8BC9CEB8-8B4A-11D0-8D11-00A0C91BC942}") = "53_24900", "53_24900\53_24900.vcxproj", "{09833C96-328E-42C9-8A9C-8804F02CFC75}"
EndProject
Project("{8BC9CEB8-8B4A-11D0-8D11-00A0C91BC942}") = "54_25238", "54_25238\54_25238.vcxproj", "{8FAC4482-FA43-4B64-981B-7265B259EF20}"
EndProject
Project("{8BC9CEB8-8B4A-11D0-8D11-00A0C91BC942}") = "55_25304", "55_25304\55_25304.vcxproj", "{70EC4D36-7FBE-4335-8D34-31645E84A5D6}"
EndProject
Project("{8BC9CEB8-8B4A-11D0-8D11-00A0C91BC942}") = "56_25311", "56_25311\56_25311.vcxproj", "{E118B4F5-064B-4FCC-A85B-2341BD7C8245}"
EndProject
Project("{8BC9CEB8-8B4A-11D0-8D11-00A0C91BC942}") = "57_25314", "57_25314\57_25314.vcxproj", "{8A6B9D01-8B0B-43B1-91A5-471B06517905}"
EndProject
Global
	GlobalSection(SolutionConfigurationPlatforms) = preSolution
		Debug|x64 = Debug|x64
		Debug|x86 = Debug|x86
		Release|x64 = Release|x64
		Release|x86 = Release|x86
	EndGlobalSection
	GlobalSection(ProjectConfigurationPlatforms) = postSolution
		{EC2D6205-7ED5-444C-97A1-CAAA58CC6488}.Debug|x64.ActiveCfg = Debug|x64
		{EC2D6205-7ED5-444C-97A1-CAAA58CC6488}.Debug|x64.Build.0 = Debug|x64
		{EC2D6205-7ED5-444C-97A1-CAAA58CC6488}.Debug|x86.ActiveCfg = Debug|Win32
		{EC2D6205-7ED5-444C-97A1-CAAA58CC6488}.Debug|x86.Build.0 = Debug|Win32
		{EC2D6205-7ED5-444C-97A1-CAAA58CC6488}.Release|x64.ActiveCfg = Release|x64
		{EC2D6205-7ED5-444C-97A1-CAAA58CC6488}.Release|x64.Build.0 = Release|x64
		{EC2D6205-7ED5-444C-97A1-CAAA58CC6488}.Release|x86.ActiveCfg = Release|Win32
		{EC2D6205-7ED5-444C-97A1-CAAA58CC6488}.Release|x86.Build.0 = Release|Win32
		{A8051314-E652-45BD-9312-B8AE56ABFE94}.Debug|x64.ActiveCfg = Debug|x64
		{A8051314-E652-45BD-9312-B8AE56ABFE94}.Debug|x64.Build.0 = Debug|x64
		{A8051314-E652-45BD-9312-B8AE56ABFE94}.Debug|x86.ActiveCfg = Debug|Win32
		{A8051314-E652-45BD-9312-B8AE56ABFE94}.Debug|x86.Build.0 = Debug|Win32
		{A8051314-E652-45BD-9312-B8AE56ABFE94}.Release|x64.ActiveCfg = Release|x64
		{A8051314-E652-45BD-9312-B8AE56ABFE94}.Release|x64.Build.0 = Release|x64
		{A8051314-E652-45BD-9312-B8AE56ABFE94}.Release|x86.ActiveCfg = Release|Win32
		{A8051314-E652-45BD-9312-B8AE56ABFE94}.Release|x86.Build.0 = Release|Win32
		{51EAB0F0-3609-4F0E-B1B3-38715DFD5E7A}.Debug|x64.ActiveCfg = Debug|x64
		{51EAB0F0-3609-4F0E-B1B3-38715DFD5E7A}.Debug|x64.Build.0 = Debug|x64
		{51EAB0F0-3609-4F0E-B1B3-38715DFD5E7A}.Debug|x86.ActiveCfg = Debug|Win32
		{51EAB0F0-3609-4F0E-B1B3-38715DFD5E7A}.Debug|x86.Build.0 = Debug|Win32
		{51EAB0F0-3609-4F0E-B1B3-38715DFD5E7A}.Release|x64.ActiveCfg = Release|x64
		{51EAB0F0-3609-4F0E-B1B3-38715DFD5E7A}.Release|x64.Build.0 = Release|x64
		{51EAB0F0-3609-4F0E-B1B3-38715DFD5E7A}.Release|x86.ActiveCfg = Release|Win32
		{51EAB0F0-3609-4F0E-B1B3-38715DFD5E7A}.Release|x86.Build.0 = Release|Win32
		{14C23599-3D07-45DA-8A1E-08B2D6548D12}.Debug|x64.ActiveCfg = Debug|x64
		{14C23599-3D07-45DA-8A1E-08B2D6548D12}.Debug|x64.Build.0 = Debug|x64
		{14C23599-3D07-45DA-8A1E-08B2D6548D12}.Debug|x86.ActiveCfg = Debug|Win32
		{14C23599-3D07-45DA-8A1E-08B2D6548D12}.Debug|x86.Build.0 = Debug|Win32
		{14C23599-3D07-45DA-8A1E-08B2D6548D12}.Release|x64.ActiveCfg = Release|x64
		{14C23599-3D07-45DA-8A1E-08B2D6548D12}.Release|x64.Build.0 = Release|x64
		{14C23599-3D07-45DA-8A1E-08B2D6548D12}.Release|x86.ActiveCfg = Release|Win32
		{14C23599-3D07-45DA-8A1E-08B2D6548D12}.Release|x86.Build.0 = Release|Win32
		{F97DC8D8-9EBD-4B41-A42D-EEE524306AF3}.Debug|x64.ActiveCfg = Debug|x64
		{F97DC8D8-9EBD-4B41-A42D-EEE524306AF3}.Debug|x64.Build.0 = Debug|x64
		{F97DC8D8-9EBD-4B41-A42D-EEE524306AF3}.Debug|x86.ActiveCfg = Debug|Win32
		{F97DC8D8-9EBD-4B41-A42D-EEE524306AF3}.Debug|x86.Build.0 = Debug|Win32
		{F97DC8D8-9EBD-4B41-A42D-EEE524306AF3}.Release|x64.ActiveCfg = Release|x64
		{F97DC8D8-9EBD-4B41-A42D-EEE524306AF3}.Release|x64.Build.0 = Release|x64
		{F97DC8D8-9EBD-4B41-A42D-EEE524306AF3}.Release|x86.ActiveCfg = Release|Win32
		{F97DC8D8-9EBD-4B41-A42D-EEE524306AF3}.Release|x86.Build.0 = Release|Win32
		{2003CB99-77A4-48E8-97A9-8A1D75B6BA3E}.Debug|x64.ActiveCfg = Debug|x64
		{2003CB99-77A4-48E8-97A9-8A1D75B6BA3E}.Debug|x64.Build.0 = Debug|x64
		{2003CB99-77A4-48E8-97A9-8A1D75B6BA3E}.Debug|x86.ActiveCfg = Debug|Win32
		{2003CB99-77A4-48E8-97A9-8A1D75B6BA3E}.Debug|x86.Build.0 = Debug|Win32
		{2003CB99-77A4-48E8-97A9-8A1D75B6BA3E}.Release|x64.ActiveCfg = Release|x64
		{2003CB99-77A4-48E8-97A9-8A1D75B6BA3E}.Release|x64.Build.0 = Release|x64
		{2003CB99-77A4-48E8-97A9-8A1D75B6BA3E}.Release|x86.ActiveCfg = Release|Win32
		{2003CB99-77A4-48E8-97A9-8A1D75B6BA3E}.Release|x86.Build.0 = Release|Win32
		{A993CAD6-7B97-4087-A12A-C22AC8AC2900}.Debug|x64.ActiveCfg = Debug|x64
		{A993CAD6-7B97-4087-A12A-C22AC8AC2900}.Debug|x64.Build.0 = Debug|x64
		{A993CAD6-7B97-4087-A12A-C22AC8AC2900}.Debug|x86.ActiveCfg = Debug|Win32
		{A993CAD6-7B97-4087-A12A-C22AC8AC2900}.Debug|x86.Build.0 = Debug|Win32
		{A993CAD6-7B97-4087-A12A-C22AC8AC2900}.Release|x64.ActiveCfg = Release|x64
		{A993CAD6-7B97-4087-A12A-C22AC8AC2900}.Release|x64.Build.0 = Release|x64
		{A993CAD6-7B97-4087-A12A-C22AC8AC2900}.Release|x86.ActiveCfg = Release|Win32
		{A993CAD6-7B97-4087-A12A-C22AC8AC2900}.Release|x86.Build.0 = Release|Win32
		{1E3E9DC7-BB87-4157-8119-74058946F88E}.Debug|x64.ActiveCfg = Debug|x64
		{1E3E9DC7-BB87-4157-8119-74058946F88E}.Debug|x64.Build.0 = Debug|x64
		{1E3E9DC7-BB87-4157-8119-74058946F88E}.Debug|x86.ActiveCfg = Debug|Win32
		{1E3E9DC7-BB87-4157-8119-74058946F88E}.Debug|x86.Build.0 = Debug|Win32
		{1E3E9DC7-BB87-4157-8119-74058946F88E}.Release|x64.ActiveCfg = Release|x64
		{1E3E9DC7-BB87-4157-8119-74058946F88E}.Release|x64.Build.0 = Release|x64
		{1E3E9DC7-BB87-4157-8119-74058946F88E}.Release|x86.ActiveCfg = Release|Win32
		{1E3E9DC7-BB87-4157-8119-74058946F88E}.Release|x86.Build.0 = Release|Win32
		{3BDD6472-BC57-4CE9-B38A-39516F6094C0}.Debug|x64.ActiveCfg = Debug|x64
		{3BDD6472-BC57-4CE9-B38A-39516F6094C0}.Debug|x64.Build.0 = Debug|x64
		{3BDD6472-BC57-4CE9-B38A-39516F6094C0}.Debug|x86.ActiveCfg = Debug|Win32
		{3BDD6472-BC57-4CE9-B38A-39516F6094C0}.Debug|x86.Build.0 = Debug|Win32
		{3BDD6472-BC57-4CE9-B38A-39516F6094C0}.Release|x64.ActiveCfg = Release|x64
		{3BDD6472-BC57-4CE9-B38A-39516F6094C0}.Release|x64.Build.0 = Release|x64
		{3BDD6472-BC57-4CE9-B38A-39516F6094C0}.Release|x86.ActiveCfg = Release|Win32
		{3BDD6472-BC57-4CE9-B38A-39516F6094C0}.Release|x86.Build.0 = Release|Win32
		{9066E059-C3EA-49FE-8C85-B7D3ADA4E284}.Debug|x64.ActiveCfg = Debug|x64
		{9066E059-C3EA-49FE-8C85-B7D3ADA4E284}.Debug|x64.Build.0 = Debug|x64
		{9066E059-C3EA-49FE-8C85-B7D3ADA4E284}.Debug|x86.ActiveCfg = Debug|Win32
		{9066E059-C3EA-49FE-8C85-B7D3ADA4E284}.Debug|x86.Build.0 = Debug|Win32
		{9066E059-C3EA-49FE-8C85-B7D3ADA4E284}.Release|x64.ActiveCfg = Release|x64
		{9066E059-C3EA-49FE-8C85-B7D3ADA4E284}.Release|x64.Build.0 = Release|x64
		{9066E059-C3EA-49FE-8C85-B7D3ADA4E284}.Release|x86.ActiveCfg = Release|Win32
		{9066E059-C3EA-49FE-8C85-B7D3ADA4E284}.Release|x86.Build.0 = Release|Win32
		{920FEF96-57C6-45AA-B42B-5AAFCA146616}.Debug|x64.ActiveCfg = Debug|x64
		{920FEF96-57C6-45AA-B42B-5AAFCA146616}.Debug|x64.Build.0 = Debug|x64
		{920FEF96-57C6-45AA-B42B-5AAFCA146616}.Debug|x86.ActiveCfg = Debug|Win32
		{920FEF96-57C6-45AA-B42B-5AAFCA146616}.Debug|x86.Build.0 = Debug|Win32
		{920FEF96-57C6-45AA-B42B-5AAFCA146616}.Release|x64.ActiveCfg = Release|x64
		{920FEF96-57C6-45AA-B42B-5AAFCA146616}.Release|x64.Build.0 = Release|x64
		{920FEF96-57C6-45AA-B42B-5AAFCA146616}.Release|x86.ActiveCfg = Release|Win32
		{920FEF96-57C6-45AA-B42B-5AAFCA146616}.Release|x86.Build.0 = Release|Win32
		{371EDB32-7942-46E3-91A1-109BD4F7F1EB}.Debug|x64.ActiveCfg = Debug|x64
		{371EDB32-7942-46E3-91A1-109BD4F7F1EB}.Debug|x64.Build.0 = Debug|x64
		{371EDB32-7942-46E3-91A1-109BD4F7F1EB}.Debug|x86.ActiveCfg = Debug|Win32
		{371EDB32-7942-46E3-91A1-109BD4F7F1EB}.Debug|x86.Build.0 = Debug|Win32
		{371EDB32-7942-46E3-91A1-109BD4F7F1EB}.Release|x64.ActiveCfg = Release|x64
		{371EDB32-7942-46E3-91A1-109BD4F7F1EB}.Release|x64.Build.0 = Release|x64
		{371EDB32-7942-46E3-91A1-109BD4F7F1EB}.Release|x86.ActiveCfg = Release|Win32
		{371EDB32-7942-46E3-91A1-109BD4F7F1EB}.Release|x86.Build.0 = Release|Win32
		{009FBCBB-27C2-429A-8F56-3620C659815B}.Debug|x64.ActiveCfg = Debug|x64
		{009FBCBB-27C2-429A-8F56-3620C659815B}.Debug|x64.Build.0 = Debug|x64
		{009FBCBB-27C2-429A-8F56-3620C659815B}.Debug|x86.ActiveCfg = Debug|Win32
		{009FBCBB-27C2-429A-8F56-3620C659815B}.Debug|x86.Build.0 = Debug|Win32
		{009FBCBB-27C2-429A-8F56-3620C659815B}.Release|x64.ActiveCfg = Release|x64
		{009FBCBB-27C2-429A-8F56-3620C659815B}.Release|x64.Build.0 = Release|x64
		{009FBCBB-27C2-429A-8F56-3620C659815B}.Release|x86.ActiveCfg = Release|Win32
		{009FBCBB-27C2-429A-8F56-3620C659815B}.Release|x86.Build.0 = Release|Win32
		{A1B37AD2-D44C-4292-B2F8-089466025F0B}.Debug|x64.ActiveCfg = Debug|x64
		{A1B37AD2-D44C-4292-B2F8-089466025F0B}.Debug|x64.Build.0 = Debug|x64
		{A1B37AD2-D44C-4292-B2F8-089466025F0B}.Debug|x86.ActiveCfg = Debug|Win32
		{A1B37AD2-D44C-4292-B2F8-089466025F0B}.Debug|x86.Build.0 = Debug|Win32
		{A1B37AD2-D44C-4292-B2F8-089466025F0B}.Release|x64.ActiveCfg = Release|x64
		{A1B37AD2-D44C-4292-B2F8-089466025F0B}.Release|x64.Build.0 = Release|x64
		{A1B37AD2-D44C-4292-B2F8-089466025F0B}.Release|x86.ActiveCfg = Release|Win32
		{A1B37AD2-D44C-4292-B2F8-089466025F0B}.Release|x86.Build.0 = Release|Win32
		{F6CF9099-4D27-4094-B1B9-BD64DF220DB6}.Debug|x64.ActiveCfg = Debug|x64
		{F6CF9099-4D27-4094-B1B9-BD64DF220DB6}.Debug|x64.Build.0 = Debug|x64
		{F6CF9099-4D27-4094-B1B9-BD64DF220DB6}.Debug|x86.ActiveCfg = Debug|Win32
		{F6CF9099-4D27-4094-B1B9-BD64DF220DB6}.Debug|x86.Build.0 = Debug|Win32
		{F6CF9099-4D27-4094-B1B9-BD64DF220DB6}.Release|x64.ActiveCfg = Release|x64
		{F6CF9099-4D27-4094-B1B9-BD64DF220DB6}.Release|x64.Build.0 = Release|x64
		{F6CF9099-4D27-4094-B1B9-BD64DF220DB6}.Release|x86.ActiveCfg = Release|Win32
		{F6CF9099-4D27-4094-B1B9-BD64DF220DB6}.Release|x86.Build.0 = Release|Win32
		{AE7A5EAE-A6E4-47FE-A256-598D2D6A15B8}.Debug|x64.ActiveCfg = Debug|x64
		{AE7A5EAE-A6E4-47FE-A256-598D2D6A15B8}.Debug|x64.Build.0 = Debug|x64
		{AE7A5EAE-A6E4-47FE-A256-598D2D6A15B8}.Debug|x86.ActiveCfg = Debug|Win32
		{AE7A5EAE-A6E4-47FE-A256-598D2D6A15B8}.Debug|x86.Build.0 = Debug|Win32
		{AE7A5EAE-A6E4-47FE-A256-598D2D6A15B8}.Release|x64.ActiveCfg = Release|x64
		{AE7A5EAE-A6E4-47FE-A256-598D2D6A15B8}.Release|x64.Build.0 = Release|x64
		{AE7A5EAE-A6E4-47FE-A256-598D2D6A15B8}.Release|x86.ActiveCfg = Release|Win32
		{AE7A5EAE-A6E4-47FE-A256-598D2D6A15B8}.Release|x86.Build.0 = Release|Win32
		{14BA25F3-20DF-434C-AFE4-AA9EFFC9C1AC}.Debug|x64.ActiveCfg = Debug|x64
		{14BA25F3-20DF-434C-AFE4-AA9EFFC9C1AC}.Debug|x64.Build.0 = Debug|x64
		{14BA25F3-20DF-434C-AFE4-AA9EFFC9C1AC}.Debug|x86.ActiveCfg = Debug|Win32
		{14BA25F3-20DF-434C-AFE4-AA9EFFC9C1AC}.Debug|x86.Build.0 = Debug|Win32
		{14BA25F3-20DF-434C-AFE4-AA9EFFC9C1AC}.Release|x64.ActiveCfg = Release|x64
		{14BA25F3-20DF-434C-AFE4-AA9EFFC9C1AC}.Release|x64.Build.0 = Release|x64
		{14BA25F3-20DF-434C-AFE4-AA9EFFC9C1AC}.Release|x86.ActiveCfg = Release|Win32
		{14BA25F3-20DF-434C-AFE4-AA9EFFC9C1AC}.Release|x86.Build.0 = Release|Win32
		{C2CE62B8-B136-47FE-9CF3-514CFEB7A8B7}.Debug|x64.ActiveCfg = Debug|x64
		{C2CE62B8-B136-47FE-9CF3-514CFEB7A8B7}.Debug|x64.Build.0 = Debug|x64
		{C2CE62B8-B136-47FE-9CF3-514CFEB7A8B7}.Debug|x86.ActiveCfg = Debug|Win32
		{C2CE62B8-B136-47FE-9CF3-514CFEB7A8B7}.Debug|x86.Build.0 = Debug|Win32
		{C2CE62B8-B136-47FE-9CF3-514CFEB7A8B7}.Release|x64.ActiveCfg = Release|x64
		{C2CE62B8-B136-47FE-9CF3-514CFEB7A8B7}.Release|x64.Build.0 = Release|x64
		{C2CE62B8-B136-47FE-9CF3-514CFEB7A8B7}.Release|x86.ActiveCfg = Release|Win32
		{C2CE62B8-B136-47FE-9CF3-514CFEB7A8B7}.Release|x86.Build.0 = Release|Win32
		{FDBE96B8-D154-41FE-9F92-9F68EF4FD7E3}.Debug|x64.ActiveCfg = Debug|x64
		{FDBE96B8-D154-41FE-9F92-9F68EF4FD7E3}.Debug|x64.Build.0 = Debug|x64
		{FDBE96B8-D154-41FE-9F92-9F68EF4FD7E3}.Debug|x86.ActiveCfg = Debug|Win32
		{FDBE96B8-D154-41FE-9F92-9F68EF4FD7E3}.Debug|x86.Build.0 = Debug|Win32
		{FDBE96B8-D154-41FE-9F92-9F68EF4FD7E3}.Release|x64.ActiveCfg = Release|x64
		{FDBE96B8-D154-41FE-9F92-9F68EF4FD7E3}.Release|x64.Build.0 = Release|x64
		{FDBE96B8-D154-41FE-9F92-9F68EF4FD7E3}.Release|x86.ActiveCfg = Release|Win32
		{FDBE96B8-D154-41FE-9F92-9F68EF4FD7E3}.Release|x86.Build.0 = Release|Win32
		{516CA8B1-5AB8-4C3D-AA1B-0757F835A066}.Debug|x64.ActiveCfg = Debug|x64
		{516CA8B1-5AB8-4C3D-AA1B-0757F835A066}.Debug|x64.Build.0 = Debug|x64
		{516CA8B1-5AB8-4C3D-AA1B-0757F835A066}.Debug|x86.ActiveCfg = Debug|Win32
		{516CA8B1-5AB8-4C3D-AA1B-0757F835A066}.Debug|x86.Build.0 = Debug|Win32
		{516CA8B1-5AB8-4C3D-AA1B-0757F835A066}.Release|x64.ActiveCfg = Release|x64
		{516CA8B1-5AB8-4C3D-AA1B-0757F835A066}.Release|x64.Build.0 = Release|x64
		{516CA8B1-5AB8-4C3D-AA1B-0757F835A066}.Release|x86.ActiveCfg = Release|Win32
		{516CA8B1-5AB8-4C3D-AA1B-0757F835A066}.Release|x86.Build.0 = Release|Win32
		{11FC79C9-C868-4467-83D2-5193B233454D}.Debug|x64.ActiveCfg = Debug|x64
		{11FC79C9-C868-4467-83D2-5193B233454D}.Debug|x64.Build.0 = Debug|x64
		{11FC79C9-C868-4467-83D2-5193B233454D}.Debug|x86.ActiveCfg = Debug|Win32
		{11FC79C9-C868-4467-83D2-5193B233454D}.Debug|x86.Build.0 = Debug|Win32
		{11FC79C9-C868-4467-83D2-5193B233454D}.Release|x64.ActiveCfg = Release|x64
		{11FC79C9-C868-4467-83D2-5193B233454D}.Release|x64.Build.0 = Release|x64
		{11FC79C9-C868-4467-83D2-5193B233454D}.Release|x86.ActiveCfg = Release|Win32
		{11FC79C9-C868-4467-83D2-5193B233454D}.Release|x86.Build.0 = Release|Win32
		{E2015750-FB56-4117-8B9A-0C21EE6FF954}.Debug|x64.ActiveCfg = Debug|x64
		{E2015750-FB56-4117-8B9A-0C21EE6FF954}.Debug|x64.Build.0 = Debug|x64
		{E2015750-FB56-4117-8B9A-0C21EE6FF954}.Debug|x86.ActiveCfg = Debug|Win32
		{E2015750-FB56-4117-8B9A-0C21EE6FF954}.Debug|x86.Build.0 = Debug|Win32
		{E2015750-FB56-4117-8B9A-0C21EE6FF954}.Release|x64.ActiveCfg = Release|x64
		{E2015750-FB56-4117-8B9A-0C21EE6FF954}.Release|x64.Build.0 = Release|x64
		{E2015750-FB56-4117-8B9A-0C21EE6FF954}.Release|x86.ActiveCfg = Release|Win32
		{E2015750-FB56-4117-8B9A-0C21EE6FF954}.Release|x86.Build.0 = Release|Win32
		{08DF31E8-EB2A-4B3A-AE47-3693104EBBA2}.Debug|x64.ActiveCfg = Debug|x64
		{08DF31E8-EB2A-4B3A-AE47-3693104EBBA2}.Debug|x64.Build.0 = Debug|x64
		{08DF31E8-EB2A-4B3A-AE47-3693104EBBA2}.Debug|x86.ActiveCfg = Debug|Win32
		{08DF31E8-EB2A-4B3A-AE47-3693104EBBA2}.Debug|x86.Build.0 = Debug|Win32
		{08DF31E8-EB2A-4B3A-AE47-3693104EBBA2}.Release|x64.ActiveCfg = Release|x64
		{08DF31E8-EB2A-4B3A-AE47-3693104EBBA2}.Release|x64.Build.0 = Release|x64
		{08DF31E8-EB2A-4B3A-AE47-3693104EBBA2}.Release|x86.ActiveCfg = Release|Win32
		{08DF31E8-EB2A-4B3A-AE47-3693104EBBA2}.Release|x86.Build.0 = Release|Win32
		{7FF0610E-3D05-41E8-9096-104D10349DBD}.Debug|x64.ActiveCfg = Debug|x64
		{7FF0610E-3D05-41E8-9096-104D10349DBD}.Debug|x64.Build.0 = Debug|x64
		{7FF0610E-3D05-41E8-9096-104D10349DBD}.Debug|x86.ActiveCfg = Debug|Win32
		{7FF0610E-3D05-41E8-9096-104D10349DBD}.Debug|x86.Build.0 = Debug|Win32
		{7FF0610E-3D05-41E8-9096-104D10349DBD}.Release|x64.ActiveCfg = Release|x64
		{7FF0610E-3D05-41E8-9096-104D10349DBD}.Release|x64.Build.0 = Release|x64
		{7FF0610E-3D05-41E8-9096-104D10349DBD}.Release|x86.ActiveCfg = Release|Win32
		{7FF0610E-3D05-41E8-9096-104D10349DBD}.Release|x86.Build.0 = Release|Win32
		{7DB56F35-18E1-43E1-8B4C-D202F12272E6}.Debug|x64.ActiveCfg = Debug|x64
		{7DB56F35-18E1-43E1-8B4C-D202F12272E6}.Debug|x64.Build.0 = Debug|x64
		{7DB56F35-18E1-43E1-8B4C-D202F12272E6}.Debug|x86.ActiveCfg = Debug|Win32
		{7DB56F35-18E1-43E1-8B4C-D202F12272E6}.Debug|x86.Build.0 = Debug|Win32
		{7DB56F35-18E1-43E1-8B4C-D202F12272E6}.Release|x64.ActiveCfg = Release|x64
		{7DB56F35-18E1-43E1-8B4C-D202F12272E6}.Release|x64.Build.0 = Release|x64
		{7DB56F35-18E1-43E1-8B4C-D202F12272E6}.Release|x86.ActiveCfg = Release|Win32
		{7DB56F35-18E1-43E1-8B4C-D202F12272E6}.Release|x86.Build.0 = Release|Win32
		{59C40876-8F4A-4C9A-8BC7-CC0FFC724845}.Debug|x64.ActiveCfg = Debug|x64
		{59C40876-8F4A-4C9A-8BC7-CC0FFC724845}.Debug|x64.Build.0 = Debug|x64
		{59C40876-8F4A-4C9A-8BC7-CC0FFC724845}.Debug|x86.ActiveCfg = Debug|Win32
		{59C40876-8F4A-4C9A-8BC7-CC0FFC724845}.Debug|x86.Build.0 = Debug|Win32
		{59C40876-8F4A-4C9A-8BC7-CC0FFC724845}.Release|x64.ActiveCfg = Release|x64
		{59C40876-8F4A-4C9A-8BC7-CC0FFC724845}.Release|x64.Build.0 = Release|x64
		{59C40876-8F4A-4C9A-8BC7-CC0FFC724845}.Release|x86.ActiveCfg = Release|Win32
		{59C40876-8F4A-4C9A-8BC7-CC0FFC724845}.Release|x86.Build.0 = Release|Win32
		{755026F2-4936-402B-A699-0BCE4CE708F5}.Debug|x64.ActiveCfg = Debug|x64
		{755026F2-4936-402B-A699-0BCE4CE708F5}.Debug|x64.Build.0 = Debug|x64
		{755026F2-4936-402B-A699-0BCE4CE708F5}.Debug|x86.ActiveCfg = Debug|Win32
		{755026F2-4936-402B-A699-0BCE4CE708F5}.Debug|x86.Build.0 = Debug|Win32
		{755026F2-4936-402B-A699-0BCE4CE708F5}.Release|x64.ActiveCfg = Release|x64
		{755026F2-4936-402B-A699-0BCE4CE708F5}.Release|x64.Build.0 = Release|x64
		{755026F2-4936-402B-A699-0BCE4CE708F5}.Release|x86.ActiveCfg = Release|Win32
		{755026F2-4936-402B-A699-0BCE4CE708F5}.Release|x86.Build.0 = Release|Win32
		{1FB57DE2-FB75-47E8-A1B9-02CA1DC522BF}.Debug|x64.ActiveCfg = Debug|x64
		{1FB57DE2-FB75-47E8-A1B9-02CA1DC522BF}.Debug|x64.Build.0 = Debug|x64
		{1FB57DE2-FB75-47E8-A1B9-02CA1DC522BF}.Debug|x86.ActiveCfg = Debug|Win32
		{1FB57DE2-FB75-47E8-A1B9-02CA1DC522BF}.Debug|x86.Build.0 = Debug|Win32
		{1FB57DE2-FB75-47E8-A1B9-02CA1DC522BF}.Release|x64.ActiveCfg = Release|x64
		{1FB57DE2-FB75-47E8-A1B9-02CA1DC522BF}.Release|x64.Build.0 = Release|x64
		{1FB57DE2-FB75-47E8-A1B9-02CA1DC522BF}.Release|x86.ActiveCfg = Release|Win32
		{1FB57DE2-FB75-47E8-A1B9-02CA1DC522BF}.Release|x86.Build.0 = Release|Win32
		{978B7CBB-0589-44B3-B4BB-098C37810E94}.Debug|x64.ActiveCfg = Debug|x64
		{978B7CBB-0589-44B3-B4BB-098C37810E94}.Debug|x64.Build.0 = Debug|x64
		{978B7CBB-0589-44B3-B4BB-098C37810E94}.Debug|x86.ActiveCfg = Debug|Win32
		{978B7CBB-0589-44B3-B4BB-098C37810E94}.Debug|x86.Build.0 = Debug|Win32
		{978B7CBB-0589-44B3-B4BB-098C37810E94}.Release|x64.ActiveCfg = Release|x64
		{978B7CBB-0589-44B3-B4BB-098C37810E94}.Release|x64.Build.0 = Release|x64
		{978B7CBB-0589-44B3-B4BB-098C37810E94}.Release|x86.ActiveCfg = Release|Win32
		{978B7CBB-0589-44B3-B4BB-098C37810E94}.Release|x86.Build.0 = Release|Win32
		{0DEEFDE4-162F-4EF7-AC75-7760DFBEB13C}.Debug|x64.ActiveCfg = Debug|x64
		{0DEEFDE4-162F-4EF7-AC75-7760DFBEB13C}.Debug|x64.Build.0 = Debug|x64
		{0DEEFDE4-162F-4EF7-AC75-7760DFBEB13C}.Debug|x86.ActiveCfg = Debug|Win32
		{0DEEFDE4-162F-4EF7-AC75-7760DFBEB13C}.Debug|x86.Build.0 = Debug|Win32
		{0DEEFDE4-162F-4EF7-AC75-7760DFBEB13C}.Release|x64.ActiveCfg = Release|x64
		{0DEEFDE4-162F-4EF7-AC75-7760DFBEB13C}.Release|x64.Build.0 = Release|x64
		{0DEEFDE4-162F-4EF7-AC75-7760DFBEB13C}.Release|x86.ActiveCfg = Release|Win32
		{0DEEFDE4-162F-4EF7-AC75-7760DFBEB13C}.Release|x86.Build.0 = Release|Win32
		{93155152-7CDC-4DF2-8B4A-F5B04ED6FDED}.Debug|x64.ActiveCfg = Debug|x64
		{93155152-7CDC-4DF2-8B4A-F5B04ED6FDED}.Debug|x64.Build.0 = Debug|x64
		{93155152-7CDC-4DF2-8B4A-F5B04ED6FDED}.Debug|x86.ActiveCfg = Debug|Win32
		{93155152-7CDC-4DF2-8B4A-F5B04ED6FDED}.Debug|x86.Build.0 = Debug|Win32
		{93155152-7CDC-4DF2-8B4A-F5B04ED6FDED}.Release|x64.ActiveCfg = Release|x64
		{93155152-7CDC-4DF2-8B4A-F5B04ED6FDED}.Release|x64.Build.0 = Release|x64
		{93155152-7CDC-4DF2-8B4A-F5B04ED6FDED}.Release|x86.ActiveCfg = Release|Win32
		{93155152-7CDC-4DF2-8B4A-F5B04ED6FDED}.Release|x86.Build.0 = Release|Win32
		{A653DF7D-46F7-4ED8-B1A3-0252FA6C39BA}.Debug|x64.ActiveCfg = Debug|x64
		{A653DF7D-46F7-4ED8-B1A3-0252FA6C39BA}.Debug|x64.Build.0 = Debug|x64
		{A653DF7D-46F7-4ED8-B1A3-0252FA6C39BA}.Debug|x86.ActiveCfg = Debug|Win32
		{A653DF7D-46F7-4ED8-B1A3-0252FA6C39BA}.Debug|x86.Build.0 = Debug|Win32
		{A653DF7D-46F7-4ED8-B1A3-0252FA6C39BA}.Release|x64.ActiveCfg = Release|x64
		{A653DF7D-46F7-4ED8-B1A3-0252FA6C39BA}.Release|x64.Build.0 = Release|x64
		{A653DF7D-46F7-4ED8-B1A3-0252FA6C39BA}.Release|x86.ActiveCfg = Release|Win32
		{A653DF7D-46F7-4ED8-B1A3-0252FA6C39BA}.Release|x86.Build.0 = Release|Win32
		{8B08CFDD-9AB1-45A0-96C4-6B76C063B6FA}.Debug|x64.ActiveCfg = Debug|x64
		{8B08CFDD-9AB1-45A0-96C4-6B76C063B6FA}.Debug|x64.Build.0 = Debug|x64
		{8B08CFDD-9AB1-45A0-96C4-6B76C063B6FA}.Debug|x86.ActiveCfg = Debug|Win32
		{8B08CFDD-9AB1-45A0-96C4-6B76C063B6FA}.Debug|x86.Build.0 = Debug|Win32
		{8B08CFDD-9AB1-45A0-96C4-6B76C063B6FA}.Release|x64.ActiveCfg = Release|x64
		{8B08CFDD-9AB1-45A0-96C4-6B76C063B6FA}.Release|x64.Build.0 = Release|x64
		{8B08CFDD-9AB1-45A0-96C4-6B76C063B6FA}.Release|x86.ActiveCfg = Release|Win32
		{8B08CFDD-9AB1-45A0-96C4-6B76C063B6FA}.Release|x86.Build.0 = Release|Win32
		{796AA3DB-F9AA-4CAC-ADFF-0061ED32514D}.Debug|x64.ActiveCfg = Debug|x64
		{796AA3DB-F9AA-4CAC-ADFF-0061ED32514D}.Debug|x64.Build.0 = Debug|x64
		{796AA3DB-F9AA-4CAC-ADFF-0061ED32514D}.Debug|x86.ActiveCfg = Debug|Win32
		{796AA3DB-F9AA-4CAC-ADFF-0061ED32514D}.Debug|x86.Build.0 = Debug|Win32
		{796AA3DB-F9AA-4CAC-ADFF-0061ED32514D}.Release|x64.ActiveCfg = Release|x64
		{796AA3DB-F9AA-4CAC-ADFF-0061ED32514D}.Release|x64.Build.0 = Release|x64
		{796AA3DB-F9AA-4CAC-ADFF-0061ED32514D}.Release|x86.ActiveCfg = Release|Win32
		{796AA3DB-F9AA-4CAC-ADFF-0061ED32514D}.Release|x86.Build.0 = Release|Win32
		{75BA7AE8-4B2E-40EF-985B-E4104E4787BC}.Debug|x64.ActiveCfg = Debug|x64
		{75BA7AE8-4B2E-40EF-985B-E4104E4787BC}.Debug|x64.Build.0 = Debug|x64
		{75BA7AE8-4B2E-40EF-985B-E4104E4787BC}.Debug|x86.ActiveCfg = Debug|Win32
		{75BA7AE8-4B2E-40EF-985B-E4104E4787BC}.Debug|x86.Build.0 = Debug|Win32
		{75BA7AE8-4B2E-40EF-985B-E4104E4787BC}.Release|x64.ActiveCfg = Release|x64
		{75BA7AE8-4B2E-40EF-985B-E4104E4787BC}.Release|x64.Build.0 = Release|x64
		{75BA7AE8-4B2E-40EF-985B-E4104E4787BC}.Release|x86.ActiveCfg = Release|Win32
		{75BA7AE8-4B2E-40EF-985B-E4104E4787BC}.Release|x86.Build.0 = Release|Win32
		{19E4B4C3-1F3D-4F08-AD07-5D3D05ADA12B}.Debug|x64.ActiveCfg = Debug|x64
		{19E4B4C3-1F3D-4F08-AD07-5D3D05ADA12B}.Debug|x64.Build.0 = Debug|x64
		{19E4B4C3-1F3D-4F08-AD07-5D3D05ADA12B}.Debug|x86.ActiveCfg = Debug|Win32
		{19E4B4C3-1F3D-4F08-AD07-5D3D05ADA12B}.Debug|x86.Build.0 = Debug|Win32
		{19E4B4C3-1F3D-4F08-AD07-5D3D05ADA12B}.Release|x64.ActiveCfg = Release|x64
		{19E4B4C3-1F3D-4F08-AD07-5D3D05ADA12B}.Release|x64.Build.0 = Release|x64
		{19E4B4C3-1F3D-4F08-AD07-5D3D05ADA12B}.Release|x86.ActiveCfg = Release|Win32
		{19E4B4C3-1F3D-4F08-AD07-5D3D05ADA12B}.Release|x86.Build.0 = Release|Win32
		{B4A3B084-6D5A-47CA-A9E1-C6B618886824}.Debug|x64.ActiveCfg = Debug|x64
		{B4A3B084-6D5A-47CA-A9E1-C6B618886824}.Debug|x64.Build.0 = Debug|x64
		{B4A3B084-6D5A-47CA-A9E1-C6B618886824}.Debug|x86.ActiveCfg = Debug|Win32
		{B4A3B084-6D5A-47CA-A9E1-C6B618886824}.Debug|x86.Build.0 = Debug|Win32
		{B4A3B084-6D5A-47CA-A9E1-C6B618886824}.Release|x64.ActiveCfg = Release|x64
		{B4A3B084-6D5A-47CA-A9E1-C6B618886824}.Release|x64.Build.0 = Release|x64
		{B4A3B084-6D5A-47CA-A9E1-C6B618886824}.Release|x86.ActiveCfg = Release|Win32
		{B4A3B084-6D5A-47CA-A9E1-C6B618886824}.Release|x86.Build.0 = Release|Win32
		{7123E889-5D1C-46C1-AA9D-A64FD5C0A147}.Debug|x64.ActiveCfg = Debug|x64
		{7123E889-5D1C-46C1-AA9D-A64FD5C0A147}.Debug|x64.Build.0 = Debug|x64
		{7123E889-5D1C-46C1-AA9D-A64FD5C0A147}.Debug|x86.ActiveCfg = Debug|Win32
		{7123E889-5D1C-46C1-AA9D-A64FD5C0A147}.Debug|x86.Build.0 = Debug|Win32
		{7123E889-5D1C-46C1-AA9D-A64FD5C0A147}.Release|x64.ActiveCfg = Release|x64
		{7123E889-5D1C-46C1-AA9D-A64FD5C0A147}.Release|x64.Build.0 = Release|x64
		{7123E889-5D1C-46C1-AA9D-A64FD5C0A147}.Release|x86.ActiveCfg = Release|Win32
		{7123E889-5D1C-46C1-AA9D-A64FD5C0A147}.Release|x86.Build.0 = Release|Win32
		{4DA351A5-AABF-4BE2-9AFB-36A852582894}.Debug|x64.ActiveCfg = Debug|x64
		{4DA351A5-AABF-4BE2-9AFB-36A852582894}.Debug|x64.Build.0 = Debug|x64
		{4DA351A5-AABF-4BE2-9AFB-36A852582894}.Debug|x86.ActiveCfg = Debug|Win32
		{4DA351A5-AABF-4BE2-9AFB-36A852582894}.Debug|x86.Build.0 = Debug|Win32
		{4DA351A5-AABF-4BE2-9AFB-36A852582894}.Release|x64.ActiveCfg = Release|x64
		{4DA351A5-AABF-4BE2-9AFB-36A852582894}.Release|x64.Build.0 = Release|x64
		{4DA351A5-AABF-4BE2-9AFB-36A852582894}.Release|x86.ActiveCfg = Release|Win32
		{4DA351A5-AABF-4BE2-9AFB-36A852582894}.Release|x86.Build.0 = Release|Win32
		{1D241CC4-F2F0-4772-9E79-34250A47A770}.Debug|x64.ActiveCfg = Debug|x64
		{1D241CC4-F2F0-4772-9E79-34250A47A770}.Debug|x64.Build.0 = Debug|x64
		{1D241CC4-F2F0-4772-9E79-34250A47A770}.Debug|x86.ActiveCfg = Debug|Win32
		{1D241CC4-F2F0-4772-9E79-34250A47A770}.Debug|x86.Build.0 = Debug|Win32
		{1D241CC4-F2F0-4772-9E79-34250A47A770}.Release|x64.ActiveCfg = Release|x64
		{1D241CC4-F2F0-4772-9E79-34250A47A770}.Release|x64.Build.0 = Release|x64
		{1D241CC4-F2F0-4772-9E79-34250A47A770}.Release|x86.ActiveCfg = Release|Win32
		{1D241CC4-F2F0-4772-9E79-34250A47A770}.Release|x86.Build.0 = Release|Win32
		{5C349229-1419-45D4-AEC9-12E3D635DC61}.Debug|x64.ActiveCfg = Debug|x64
		{5C349229-1419-45D4-AEC9-12E3D635DC61}.Debug|x64.Build.0 = Debug|x64
		{5C349229-1419-45D4-AEC9-12E3D635DC61}.Debug|x86.ActiveCfg = Debug|Win32
		{5C349229-1419-45D4-AEC9-12E3D635DC61}.Debug|x86.Build.0 = Debug|Win32
		{5C349229-1419-45D4-AEC9-12E3D635DC61}.Release|x64.ActiveCfg = Release|x64
		{5C349229-1419-45D4-AEC9-12E3D635DC61}.Release|x64.Build.0 = Release|x64
		{5C349229-1419-45D4-AEC9-12E3D635DC61}.Release|x86.ActiveCfg = Release|Win32
		{5C349229-1419-45D4-AEC9-12E3D635DC61}.Release|x86.Build.0 = Release|Win32
		{3FDC6DAA-E9A9-4703-AB94-E90AB18ED895}.Debug|x64.ActiveCfg = Debug|x64
		{3FDC6DAA-E9A9-4703-AB94-E90AB18ED895}.Debug|x64.Build.0 = Debug|x64
		{3FDC6DAA-E9A9-4703-AB94-E90AB18ED895}.Debug|x86.ActiveCfg = Debug|Win32
		{3FDC6DAA-E9A9-4703-AB94-E90AB18ED895}.Debug|x86.Build.0 = Debug|Win32
		{3FDC6DAA-E9A9-4703-AB94-E90AB18ED895}.Release|x64.ActiveCfg = Release|x64
		{3FDC6DAA-E9A9-4703-AB94-E90AB18ED895}.Release|x64.Build.0 = Release|x64
		{3FDC6DAA-E9A9-4703-AB94-E90AB18ED895}.Release|x86.ActiveCfg = Release|Win32
		{3FDC6DAA-E9A9-4703-AB94-E90AB18ED895}.Release|x86.Build.0 = Release|Win32
		{7475ECA1-7BA5-4249-8600-B6260045ECD2}.Debug|x64.ActiveCfg = Debug|x64
		{7475ECA1-7BA5-4249-8600-B6260045ECD2}.Debug|x64.Build.0 = Debug|x64
		{7475ECA1-7BA5-4249-8600-B6260045ECD2}.Debug|x86.ActiveCfg = Debug|Win32
		{7475ECA1-7BA5-4249-8600-B6260045ECD2}.Debug|x86.Build.0 = Debug|Win32
		{7475ECA1-7BA5-4249-8600-B6260045ECD2}.Release|x64.ActiveCfg = Release|x64
		{7475ECA1-7BA5-4249-8600-B6260045ECD2}.Release|x64.Build.0 = Release|x64
		{7475ECA1-7BA5-4249-8600-B6260045ECD2}.Release|x86.ActiveCfg = Release|Win32
		{7475ECA1-7BA5-4249-8600-B6260045ECD2}.Release|x86.Build.0 = Release|Win32
		{D32EEA88-B701-4ED0-9439-1D0171307155}.Debug|x64.ActiveCfg = Debug|x64
		{D32EEA88-B701-4ED0-9439-1D0171307155}.Debug|x64.Build.0 = Debug|x64
		{D32EEA88-B701-4ED0-9439-1D0171307155}.Debug|x86.ActiveCfg = Debug|Win32
		{D32EEA88-B701-4ED0-9439-1D0171307155}.Debug|x86.Build.0 = Debug|Win32
		{D32EEA88-B701-4ED0-9439-1D0171307155}.Release|x64.ActiveCfg = Release|x64
		{D32EEA88-B701-4ED0-9439-1D0171307155}.Release|x64.Build.0 = Release|x64
		{D32EEA88-B701-4ED0-9439-1D0171307155}.Release|x86.ActiveCfg = Release|Win32
		{D32EEA88-B701-4ED0-9439-1D0171307155}.Release|x86.Build.0 = Release|Win32
		{AF45500C-9EC0-433F-A245-07A120D3902E}.Debug|x64.ActiveCfg = Debug|x64
		{AF45500C-9EC0-433F-A245-07A120D3902E}.Debug|x64.Build.0 = Debug|x64
		{AF45500C-9EC0-433F-A245-07A120D3902E}.Debug|x86.ActiveCfg = Debug|Win32
		{AF45500C-9EC0-433F-A245-07A120D3902E}.Debug|x86.Build.0 = Debug|Win32
		{AF45500C-9EC0-433F-A245-07A120D3902E}.Release|x64.ActiveCfg = Release|x64
		{AF45500C-9EC0-433F-A245-07A120D3902E}.Release|x64.Build.0 = Release|x64
		{AF45500C-9EC0-433F-A245-07A120D3902E}.Release|x86.ActiveCfg = Release|Win32
		{AF45500C-9EC0-433F-A245-07A120D3902E}.Release|x86.Build.0 = Release|Win32
		{C5E963A4-3EF3-45E4-ADE7-83739F4E9F8F}.Debug|x64.ActiveCfg = Debug|x64
		{C5E963A4-3EF3-45E4-ADE7-83739F4E9F8F}.Debug|x64.Build.0 = Debug|x64
		{C5E963A4-3EF3-45E4-ADE7-83739F4E9F8F}.Debug|x86.ActiveCfg = Debug|Win32
		{C5E963A4-3EF3-45E4-ADE7-83739F4E9F8F}.Debug|x86.Build.0 = Debug|Win32
		{C5E963A4-3EF3-45E4-ADE7-83739F4E9F8F}.Release|x64.ActiveCfg = Release|x64
		{C5E963A4-3EF3-45E4-ADE7-83739F4E9F8F}.Release|x64.Build.0 = Release|x64
		{C5E963A4-3EF3-45E4-ADE7-83739F4E9F8F}.Release|x86.ActiveCfg = Release|Win32
		{C5E963A4-3EF3-45E4-ADE7-83739F4E9F8F}.Release|x86.Build.0 = Release|Win32
		{E367170B-D97E-4F45-8FA9-98FAD9480861}.Debug|x64.ActiveCfg = Debug|x64
		{E367170B-D97E-4F45-8FA9-98FAD9480861}.Debug|x64.Build.0 = Debug|x64
		{E367170B-D97E-4F45-8FA9-98FAD9480861}.Debug|x86.ActiveCfg = Debug|Win32
		{E367170B-D97E-4F45-8FA9-98FAD9480861}.Debug|x86.Build.0 = Debug|Win32
		{E367170B-D97E-4F45-8FA9-98FAD9480861}.Release|x64.ActiveCfg = Release|x64
		{E367170B-D97E-4F45-8FA9-98FAD9480861}.Release|x64.Build.0 = Release|x64
		{E367170B-D97E-4F45-8FA9-98FAD9480861}.Release|x86.ActiveCfg = Release|Win32
		{E367170B-D97E-4F45-8FA9-98FAD9480861}.Release|x86.Build.0 = Release|Win32
		{A6784221-8F1F-40E7-BDFD-C560E48D13A1}.Debug|x64.ActiveCfg = Debug|x64
		{A6784221-8F1F-40E7-BDFD-C560E48D13A1}.Debug|x64.Build.0 = Debug|x64
		{A6784221-8F1F-40E7-BDFD-C560E48D13A1}.Debug|x86.ActiveCfg = Debug|Win32
		{A6784221-8F1F-40E7-BDFD-C560E48D13A1}.Debug|x86.Build.0 = Debug|Win32
		{A6784221-8F1F-40E7-BDFD-C560E48D13A1}.Release|x64.ActiveCfg = Release|x64
		{A6784221-8F1F-40E7-BDFD-C560E48D13A1}.Release|x64.Build.0 = Release|x64
		{A6784221-8F1F-40E7-BDFD-C560E48D13A1}.Release|x86.ActiveCfg = Release|Win32
		{A6784221-8F1F-40E7-BDFD-C560E48D13A1}.Release|x86.Build.0 = Release|Win32
		{69A361BB-9F19-4943-8F87-71AD63D37DE0}.Debug|x64.ActiveCfg = Debug|x64
		{69A361BB-9F19-4943-8F87-71AD63D37DE0}.Debug|x64.Build.0 = Debug|x64
		{69A361BB-9F19-4943-8F87-71AD63D37DE0}.Debug|x86.ActiveCfg = Debug|Win32
		{69A361BB-9F19-4943-8F87-71AD63D37DE0}.Debug|x86.Build.0 = Debug|Win32
		{69A361BB-9F19-4943-8F87-71AD63D37DE0}.Release|x64.ActiveCfg = Release|x64
		{69A361BB-9F19-4943-8F87-71AD63D37DE0}.Release|x64.Build.0 = Release|x64
		{69A361BB-9F19-4943-8F87-71AD63D37DE0}.Release|x86.ActiveCfg = Release|Win32
		{69A361BB-9F19-4943-8F87-71AD63D37DE0}.Release|x86.Build.0 = Release|Win32
		{2A173C0E-E83E-415B-91E1-51847A836D88}.Debug|x64.ActiveCfg = Debug|x64
		{2A173C0E-E83E-415B-91E1-51847A836D88}.Debug|x64.Build.0 = Debug|x64
		{2A173C0E-E83E-415B-91E1-51847A836D88}.Debug|x86.ActiveCfg = Debug|Win32
		{2A173C0E-E83E-415B-91E1-51847A836D88}.Debug|x86.Build.0 = Debug|Win32
		{2A173C0E-E83E-415B-91E1-51847A836D88}.Release|x64.ActiveCfg = Release|x64
		{2A173C0E-E83E-415B-91E1-51847A836D88}.Release|x64.Build.0 = Release|x64
		{2A173C0E-E83E-415B-91E1-51847A836D88}.Release|x86.ActiveCfg = Release|Win32
		{2A173C0E-E83E-415B-91E1-51847A836D88}.Release|x86.Build.0 = Release|Win32
		{061D9195-4399-47B3-A636-37032B636A28}.Debug|x64.ActiveCfg = Debug|x64
		{061D9195-4399-47B3-A636-37032B636A28}.Debug|x64.Build.0 = Debug|x64
		{061D9195-4399-47B3-A636-37032B636A28}.Debug|x86.ActiveCfg = Debug|Win32
		{061D9195-4399-47B3-A636-37032B636A28}.Debug|x86.Build.0 = Debug|Win32
		{061D9195-4399-47B3-A636-37032B636A28}.Release|x64.ActiveCfg = Release|x64
		{061D9195-4399-47B3-A636-37032B636A28}.Release|x64.Build.0 = Release|x64
		{061D9195-4399-47B3-A636-37032B636A28}.Release|x86.ActiveCfg = Release|Win32
		{061D9195-4399-47B3-A636-37032B636A28}.Release|x86.Build.0 = Release|Win32
		{B6E64FD6-A8D7-41BB-ACBA-08C6436E29F5}.Debug|x64.ActiveCfg = Debug|x64
		{B6E64FD6-A8D7-41BB-ACBA-08C6436E29F5}.Debug|x64.Build.0 = Debug|x64
		{B6E64FD6-A8D7-41BB-ACBA-08C6436E29F5}.Debug|x86.ActiveCfg = Debug|Win32
		{B6E64FD6-A8D7-41BB-ACBA-08C6436E29F5}.Debug|x86.Build.0 = Debug|Win32
		{B6E64FD6-A8D7-41BB-ACBA-08C6436E29F5}.Release|x64.ActiveCfg = Release|x64
		{B6E64FD6-A8D7-41BB-ACBA-08C6436E29F5}.Release|x64.Build.0 = Release|x64
		{B6E64FD6-A8D7-41BB-ACBA-08C6436E29F5}.Release|x86.ActiveCfg = Release|Win32
		{B6E64FD6-A8D7-41BB-ACBA-08C6436E29F5}.Release|x86.Build.0 = Release|Win32
		{09833C96-328E-42C9-8A9C-8804F02CFC75}.Debug|x64.ActiveCfg = Debug|x64
		{09833C96-328E-42C9-8A9C-8804F02CFC75}.Debug|x64.Build.0 = Debug|x64
		{09833C96-328E-42C9-8A9C-8804F02CFC75}.Debug|x86.ActiveCfg = Debug|Win32
		{09833C96-328E-42C9-8A9C-8804F02CFC75}.Debug|x86.Build.0 = Debug|Win32
		{09833C96-328E-42C9-8A9C-8804F02CFC75}.Release|x64.ActiveCfg = Release|x64
		{09833C96-328E-42C9-8A9C-8804F02CFC75}.Release|x64.Build.0 = Release|x64
		{09833C96-328E-42C9-8A9C-8804F02CFC75}.Release|x86.ActiveCfg = Release|Win32
		{09833C96-328E-42C9-8A9C-8804F02CFC75}.Release|x86.Build.0 = Release|Win32
		{8FAC4482-FA43-4B64-981B-7265B259EF20}.Debug|x64.ActiveCfg = Debug|x64
		{8FAC4482-FA43-4B64-981B-7265B259EF20}.Debug|x64.Build.0 = Debug|x64
		{8FAC4482-FA43-4B64-981B-7265B259EF20}.Debug|x86.ActiveCfg = Debug|Win32
		{8FAC4482-FA43-4B64-981B-7265B259EF20}.Debug|x86.Build.0 = Debug|Win32
		{8FAC4482-FA43-4B64-981B-7265B259EF20}.Release|x64.ActiveCfg = Release|x64
		{8FAC4482-FA43-4B64-981B-7265B259EF20}.Release|x64.Build.0 = Release|x64
		{8FAC4482-FA43-4B64-981B-7265B259EF20}.Release|x86.ActiveCfg = Release|Win32
		{8FAC4482-FA43-4B64-981B-7265B259EF20}.Release|x86.Build.0 = Release|Win32
		{70EC4D36-7FBE-4335-8D34-31645E84A5D6}.Debug|x64.ActiveCfg = Debug|x64
		{70EC4D36-7FBE-4335-8D34-31645E84A5D6}.Debug|x64.Build.0 = Debug|x64
		{70EC4D36-7FBE-4335-8D34-31645E84A5D6}.Debug|x86.ActiveCfg = Debug|Win32
		{70EC4D36-7FBE-4335-8D34-31645E84A5D6}.Debug|x86.Build.0 = Debug|Win32
		{70EC4D36-7FBE-4335-8D34-31645E84A5D6}.Release|x64.ActiveCfg = Release|x64
		{70EC4D36-7FBE-4335-8D34-31645E84A5D6}.Release|x64.Build.0 = Release|x64
		{70EC4D36-7FBE-4335-8D34-31645E84A5D6}.Release|x86.ActiveCfg = Release|Win32
		{70EC4D36-7FBE-4335-8D34-31645E84A5D6}.Release|x86.Build.0 = Release|Win32
		{E118B4F5-064B-4FCC-A85B-2341BD7C8245}.Debug|x64.ActiveCfg = Debug|x64
		{E118B4F5-064B-4FCC-A85B-2341BD7C8245}.Debug|x64.Build.0 = Debug|x64
		{E118B4F5-064B-4FCC-A85B-2341BD7C8245}.Debug|x86.ActiveCfg = Debug|Win32
		{E118B4F5-064B-4FCC-A85B-2341BD7C8245}.Debug|x86.Build.0 = Debug|Win32
		{E118B4F5-064B-4FCC-A85B-2341BD7C8245}.Release|x64.ActiveCfg = Release|x64
		{E118B4F5-064B-4FCC-A85B-2341BD7C8245}.Release|x64.Build.0 = Release|x64
		{E118B4F5-064B-4FCC-A85B-2341BD7C8245}.Release|x86.ActiveCfg = Release|Win32
		{E118B4F5-064B-4FCC-A85B-2341BD7C8245}.Release|x86.Build.0 = Release|Win32
		{8A6B9D01-8B0B-43B1-91A5-471B06517905}.Debug|x64.ActiveCfg = Debug|x64
		{8A6B9D01-8B0B-43B1-91A5-471B06517905}.Debug|x64.Build.0 = Debug|x64
		{8A6B9D01-8B0B-43B1-91A5-471B06517905}.Debug|x86.ActiveCfg = Debug|Win32
		{8A6B9D01-8B0B-43B1-91A5-471B06517905}.Debug|x86.Build.0 = Debug|Win32
		{8A6B9D01-8B0B-43B1-91A5-471B06517905}.Release|x64.ActiveCfg = Release|x64
		{8A6B9D01-8B0B-43B1-91A5-471B06517905}.Release|x64.Build.0 = Release|x64
		{8A6B9D01-8B0B-43B1-91A5-471B06517905}.Release|x86.ActiveCfg = Release|Win32
		{8A6B9D01-8B0B-43B1-91A5-471B06517905}.Release|x86.Build.0 = Release|Win32
	EndGlobalSection
	GlobalSection(SolutionProperties) = preSolution
		HideSolutionNode = FALSE
	EndGlobalSection
	GlobalSection(ExtensibilityGlobals) = postSolution
		SolutionGuid = {43011477-CC50-490F-91F7-F1F85F4047D1}
	EndGlobalSection
EndGlobal
