
Microsoft Visual Studio Solution File, Format Version 12.00
# Visual Studio Version 16
VisualStudioVersion = 16.0.31729.503
MinimumVisualStudioVersion = 10.0.40219.1
Project("{8BC9CEB8-8B4A-11D0-8D11-00A0C91BC942}") = "01_2475", "01_2475\01_2475.vcxproj", "{F97DC8D8-9EBD-4B41-A42D-EEE524306AF3}"
EndProject
Project("{8BC9CEB8-8B4A-11D0-8D11-00A0C91BC942}") = "02_1271", "02_1271\02_1271.vcxproj", "{51EAB0F0-3609-4F0E-B1B3-38715DFD5E7A}"
EndProject
Project("{8BC9CEB8-8B4A-11D0-8D11-00A0C91BC942}") = "03_2420", "03_2420\03_2420.vcxproj", "{14C23599-3D07-45DA-8A1E-08B2D6548D12}"
EndProject
Project("{8BC9CEB8-8B4A-11D0-8D11-00A0C91BC942}") = "04_2558", "04_2558\04_2558.vcxproj", "{EC2D6205-7ED5-444C-97A1-CAAA58CC6488}"
EndProject
Project("{8BC9CEB8-8B4A-11D0-8D11-00A0C91BC942}") = "05_2738", "05_2738\05_2738.vcxproj", "{A8051314-E652-45BD-9312-B8AE56ABFE94}"
EndProject
Global
	GlobalSection(SolutionConfigurationPlatforms) = preSolution
		Debug|x64 = Debug|x64
		Debug|x86 = Debug|x86
		Release|x64 = Release|x64
		Release|x86 = Release|x86
	EndGlobalSection
	GlobalSection(ProjectConfigurationPlatforms) = postSolution
		{F97DC8D8-9EBD-4B41-A42D-EEE524306AF3}.Debug|x64.ActiveCfg = Debug|x64
		{F97DC8D8-9EBD-4B41-A42D-EEE524306AF3}.Debug|x64.Build.0 = Debug|x64
		{F97DC8D8-9EBD-4B41-A42D-EEE524306AF3}.Debug|x86.ActiveCfg = Debug|Win32
		{F97DC8D8-9EBD-4B41-A42D-EEE524306AF3}.Debug|x86.Build.0 = Debug|Win32
		{F97DC8D8-9EBD-4B41-A42D-EEE524306AF3}.Release|x64.ActiveCfg = Release|x64
		{F97DC8D8-9EBD-4B41-A42D-EEE524306AF3}.Release|x64.Build.0 = Release|x64
		{F97DC8D8-9EBD-4B41-A42D-EEE524306AF3}.Release|x86.ActiveCfg = Release|Win32
		{F97DC8D8-9EBD-4B41-A42D-EEE524306AF3}.Release|x86.Build.0 = Release|Win32
		{51EAB0F0-3609-4F0E-B1B3-38715DFD5E7A}.Debug|x64.ActiveCfg = Debug|x64
		{51EAB0F0-3609-4F0E-B1B3-38715DFD5E7A}.Debug|x64.Build.0 = Debug|x64
		{51EAB0F0-3609-4F0E-B1B3-38715DFD5E7A}.Debug|x86.ActiveCfg = Debug|Win32
		{51EAB0F0-3609-4F0E-B1B3-38715DFD5E7A}.Debug|x86.Build.0 = Debug|Win32
		{51EAB0F0-3609-4F0E-B1B3-38715DFD5E7A}.Release|x64.ActiveCfg = Release|x64
		{51EAB0F0-3609-4F0E-B1B3-38715DFD5E7A}.Release|x64.Build.0 = Release|x64
		{51EAB0F0-3609-4F0E-B1B3-38715DFD5E7A}.Release|x86.ActiveCfg = Release|Win32
		{51EAB0F0-3609-4F0E-B1B3-38715DFD5E7A}.Release|x86.Build.0 = Release|Win32
		{14C23599-3D07-45DA-8A1E-08B2D6548D12}.Debug|x64.ActiveCfg = Debug|x64
		{14C23599-3D07-45DA-8A1E-08B2D6548D12}.Debug|x64.Build.0 = Debug|x64
		{14C23599-3D07-45DA-8A1E-08B2D6548D12}.Debug|x86.ActiveCfg = Debug|Win32
		{14C23599-3D07-45DA-8A1E-08B2D6548D12}.Debug|x86.Build.0 = Debug|Win32
		{14C23599-3D07-45DA-8A1E-08B2D6548D12}.Release|x64.ActiveCfg = Release|x64
		{14C23599-3D07-45DA-8A1E-08B2D6548D12}.Release|x64.Build.0 = Release|x64
		{14C23599-3D07-45DA-8A1E-08B2D6548D12}.Release|x86.ActiveCfg = Release|Win32
		{14C23599-3D07-45DA-8A1E-08B2D6548D12}.Release|x86.Build.0 = Release|Win32
		{EC2D6205-7ED5-444C-97A1-CAAA58CC6488}.Debug|x64.ActiveCfg = Debug|x64
		{EC2D6205-7ED5-444C-97A1-CAAA58CC6488}.Debug|x64.Build.0 = Debug|x64
		{EC2D6205-7ED5-444C-97A1-CAAA58CC6488}.Debug|x86.ActiveCfg = Debug|Win32
		{EC2D6205-7ED5-444C-97A1-CAAA58CC6488}.Debug|x86.Build.0 = Debug|Win32
		{EC2D6205-7ED5-444C-97A1-CAAA58CC6488}.Release|x64.ActiveCfg = Release|x64
		{EC2D6205-7ED5-444C-97A1-CAAA58CC6488}.Release|x64.Build.0 = Release|x64
		{EC2D6205-7ED5-444C-97A1-CAAA58CC6488}.Release|x86.ActiveCfg = Release|Win32
		{EC2D6205-7ED5-444C-97A1-CAAA58CC6488}.Release|x86.Build.0 = Release|Win32
		{A8051314-E652-45BD-9312-B8AE56ABFE94}.Debug|x64.ActiveCfg = Debug|x64
		{A8051314-E652-45BD-9312-B8AE56ABFE94}.Debug|x64.Build.0 = Debug|x64
		{A8051314-E652-45BD-9312-B8AE56ABFE94}.Debug|x86.ActiveCfg = Debug|Win32
		{A8051314-E652-45BD-9312-B8AE56ABFE94}.Debug|x86.Build.0 = Debug|Win32
		{A8051314-E652-45BD-9312-B8AE56ABFE94}.Release|x64.ActiveCfg = Release|x64
		{A8051314-E652-45BD-9312-B8AE56ABFE94}.Release|x64.Build.0 = Release|x64
		{A8051314-E652-45BD-9312-B8AE56ABFE94}.Release|x86.ActiveCfg = Release|Win32
		{A8051314-E652-45BD-9312-B8AE56ABFE94}.Release|x86.Build.0 = Release|Win32
	EndGlobalSection
	GlobalSection(SolutionProperties) = preSolution
		HideSolutionNode = FALSE
	EndGlobalSection
	GlobalSection(ExtensibilityGlobals) = postSolution
		SolutionGuid = {43011477-CC50-490F-91F7-F1F85F4047D1}
	EndGlobalSection
EndGlobal
