
Microsoft Visual Studio Solution File, Format Version 12.00
# Visual Studio Version 16
VisualStudioVersion = 16.0.31729.503
MinimumVisualStudioVersion = 10.0.40219.1
Project("{8BC9CEB8-8B4A-11D0-8D11-00A0C91BC942}") = "01_11654", "01_11654\01_11654.vcxproj", "{F4CC0D09-F8B3-4C71-8EEC-4D1A13D6E4C6}"
EndProject
Project("{8BC9CEB8-8B4A-11D0-8D11-00A0C91BC942}") = "02_11720", "02_11720\02_11720.vcxproj", "{EC3F766F-8C2F-4675-94AA-922142DC10A5}"
EndProject
Project("{8BC9CEB8-8B4A-11D0-8D11-00A0C91BC942}") = "03_10809", "03_10809\03_10809.vcxproj", "{A769C6C9-9B8F-466D-AF12-71C6B42DDFDE}"
EndProject
Project("{8BC9CEB8-8B4A-11D0-8D11-00A0C91BC942}") = "04_2675", "04_2675\04_2675.vcxproj", "{2BB3B68B-4403-43DC-ABC3-59A68E6BEF11}"
EndProject
Project("{8BC9CEB8-8B4A-11D0-8D11-00A0C91BC942}") = "05_1157", "05_1157\05_1157.vcxproj", "{9AE2A7AC-9FB7-456C-B9E3-61CAEDF95DDF}"
EndProject
Project("{8BC9CEB8-8B4A-11D0-8D11-00A0C91BC942}") = "06_1152", "06_1152\06_1152.vcxproj", "{242308A2-7A32-4DDF-9A27-E957ED00D889}"
EndProject
Project("{8BC9CEB8-8B4A-11D0-8D11-00A0C91BC942}") = "07_2908", "07_2908\07_2908.vcxproj", "{3D2BBECC-9E50-4168-AC03-BC602AFD3F15}"
EndProject
Project("{8BC9CEB8-8B4A-11D0-8D11-00A0C91BC942}") = "08_5622", "08_5622\08_5622.vcxproj", "{320160F3-994E-4F03-BC2D-03F02F7661AA}"
EndProject
Project("{8BC9CEB8-8B4A-11D0-8D11-00A0C91BC942}") = "09_2941", "09_2941\09_2941.vcxproj", "{EDDD9F0C-43CD-4705-90A6-E07340978131}"
EndProject
Project("{8BC9CEB8-8B4A-11D0-8D11-00A0C91BC942}") = "10_1316", "10_1316\10_1316.vcxproj", "{6DB0EF02-DE3F-40B5-A271-0B7073328333}"
EndProject
Global
	GlobalSection(SolutionConfigurationPlatforms) = preSolution
		Debug|x64 = Debug|x64
		Debug|x86 = Debug|x86
		Release|x64 = Release|x64
		Release|x86 = Release|x86
	EndGlobalSection
	GlobalSection(ProjectConfigurationPlatforms) = postSolution
		{F4CC0D09-F8B3-4C71-8EEC-4D1A13D6E4C6}.Debug|x64.ActiveCfg = Debug|x64
		{F4CC0D09-F8B3-4C71-8EEC-4D1A13D6E4C6}.Debug|x64.Build.0 = Debug|x64
		{F4CC0D09-F8B3-4C71-8EEC-4D1A13D6E4C6}.Debug|x86.ActiveCfg = Debug|Win32
		{F4CC0D09-F8B3-4C71-8EEC-4D1A13D6E4C6}.Debug|x86.Build.0 = Debug|Win32
		{F4CC0D09-F8B3-4C71-8EEC-4D1A13D6E4C6}.Release|x64.ActiveCfg = Release|x64
		{F4CC0D09-F8B3-4C71-8EEC-4D1A13D6E4C6}.Release|x64.Build.0 = Release|x64
		{F4CC0D09-F8B3-4C71-8EEC-4D1A13D6E4C6}.Release|x86.ActiveCfg = Release|Win32
		{F4CC0D09-F8B3-4C71-8EEC-4D1A13D6E4C6}.Release|x86.Build.0 = Release|Win32
		{EC3F766F-8C2F-4675-94AA-922142DC10A5}.Debug|x64.ActiveCfg = Debug|x64
		{EC3F766F-8C2F-4675-94AA-922142DC10A5}.Debug|x64.Build.0 = Debug|x64
		{EC3F766F-8C2F-4675-94AA-922142DC10A5}.Debug|x86.ActiveCfg = Debug|Win32
		{EC3F766F-8C2F-4675-94AA-922142DC10A5}.Debug|x86.Build.0 = Debug|Win32
		{EC3F766F-8C2F-4675-94AA-922142DC10A5}.Release|x64.ActiveCfg = Release|x64
		{EC3F766F-8C2F-4675-94AA-922142DC10A5}.Release|x64.Build.0 = Release|x64
		{EC3F766F-8C2F-4675-94AA-922142DC10A5}.Release|x86.ActiveCfg = Release|Win32
		{EC3F766F-8C2F-4675-94AA-922142DC10A5}.Release|x86.Build.0 = Release|Win32
		{A769C6C9-9B8F-466D-AF12-71C6B42DDFDE}.Debug|x64.ActiveCfg = Debug|x64
		{A769C6C9-9B8F-466D-AF12-71C6B42DDFDE}.Debug|x64.Build.0 = Debug|x64
		{A769C6C9-9B8F-466D-AF12-71C6B42DDFDE}.Debug|x86.ActiveCfg = Debug|Win32
		{A769C6C9-9B8F-466D-AF12-71C6B42DDFDE}.Debug|x86.Build.0 = Debug|Win32
		{A769C6C9-9B8F-466D-AF12-71C6B42DDFDE}.Release|x64.ActiveCfg = Release|x64
		{A769C6C9-9B8F-466D-AF12-71C6B42DDFDE}.Release|x64.Build.0 = Release|x64
		{A769C6C9-9B8F-466D-AF12-71C6B42DDFDE}.Release|x86.ActiveCfg = Release|Win32
		{A769C6C9-9B8F-466D-AF12-71C6B42DDFDE}.Release|x86.Build.0 = Release|Win32
		{2BB3B68B-4403-43DC-ABC3-59A68E6BEF11}.Debug|x64.ActiveCfg = Debug|x64
		{2BB3B68B-4403-43DC-ABC3-59A68E6BEF11}.Debug|x64.Build.0 = Debug|x64
		{2BB3B68B-4403-43DC-ABC3-59A68E6BEF11}.Debug|x86.ActiveCfg = Debug|Win32
		{2BB3B68B-4403-43DC-ABC3-59A68E6BEF11}.Debug|x86.Build.0 = Debug|Win32
		{2BB3B68B-4403-43DC-ABC3-59A68E6BEF11}.Release|x64.ActiveCfg = Release|x64
		{2BB3B68B-4403-43DC-ABC3-59A68E6BEF11}.Release|x64.Build.0 = Release|x64
		{2BB3B68B-4403-43DC-ABC3-59A68E6BEF11}.Release|x86.ActiveCfg = Release|Win32
		{2BB3B68B-4403-43DC-ABC3-59A68E6BEF11}.Release|x86.Build.0 = Release|Win32
		{9AE2A7AC-9FB7-456C-B9E3-61CAEDF95DDF}.Debug|x64.ActiveCfg = Debug|x64
		{9AE2A7AC-9FB7-456C-B9E3-61CAEDF95DDF}.Debug|x64.Build.0 = Debug|x64
		{9AE2A7AC-9FB7-456C-B9E3-61CAEDF95DDF}.Debug|x86.ActiveCfg = Debug|Win32
		{9AE2A7AC-9FB7-456C-B9E3-61CAEDF95DDF}.Debug|x86.Build.0 = Debug|Win32
		{9AE2A7AC-9FB7-456C-B9E3-61CAEDF95DDF}.Release|x64.ActiveCfg = Release|x64
		{9AE2A7AC-9FB7-456C-B9E3-61CAEDF95DDF}.Release|x64.Build.0 = Release|x64
		{9AE2A7AC-9FB7-456C-B9E3-61CAEDF95DDF}.Release|x86.ActiveCfg = Release|Win32
		{9AE2A7AC-9FB7-456C-B9E3-61CAEDF95DDF}.Release|x86.Build.0 = Release|Win32
		{242308A2-7A32-4DDF-9A27-E957ED00D889}.Debug|x64.ActiveCfg = Debug|x64
		{242308A2-7A32-4DDF-9A27-E957ED00D889}.Debug|x64.Build.0 = Debug|x64
		{242308A2-7A32-4DDF-9A27-E957ED00D889}.Debug|x86.ActiveCfg = Debug|Win32
		{242308A2-7A32-4DDF-9A27-E957ED00D889}.Debug|x86.Build.0 = Debug|Win32
		{242308A2-7A32-4DDF-9A27-E957ED00D889}.Release|x64.ActiveCfg = Release|x64
		{242308A2-7A32-4DDF-9A27-E957ED00D889}.Release|x64.Build.0 = Release|x64
		{242308A2-7A32-4DDF-9A27-E957ED00D889}.Release|x86.ActiveCfg = Release|Win32
		{242308A2-7A32-4DDF-9A27-E957ED00D889}.Release|x86.Build.0 = Release|Win32
		{3D2BBECC-9E50-4168-AC03-BC602AFD3F15}.Debug|x64.ActiveCfg = Debug|x64
		{3D2BBECC-9E50-4168-AC03-BC602AFD3F15}.Debug|x64.Build.0 = Debug|x64
		{3D2BBECC-9E50-4168-AC03-BC602AFD3F15}.Debug|x86.ActiveCfg = Debug|Win32
		{3D2BBECC-9E50-4168-AC03-BC602AFD3F15}.Debug|x86.Build.0 = Debug|Win32
		{3D2BBECC-9E50-4168-AC03-BC602AFD3F15}.Release|x64.ActiveCfg = Release|x64
		{3D2BBECC-9E50-4168-AC03-BC602AFD3F15}.Release|x64.Build.0 = Release|x64
		{3D2BBECC-9E50-4168-AC03-BC602AFD3F15}.Release|x86.ActiveCfg = Release|Win32
		{3D2BBECC-9E50-4168-AC03-BC602AFD3F15}.Release|x86.Build.0 = Release|Win32
		{320160F3-994E-4F03-BC2D-03F02F7661AA}.Debug|x64.ActiveCfg = Debug|x64
		{320160F3-994E-4F03-BC2D-03F02F7661AA}.Debug|x64.Build.0 = Debug|x64
		{320160F3-994E-4F03-BC2D-03F02F7661AA}.Debug|x86.ActiveCfg = Debug|Win32
		{320160F3-994E-4F03-BC2D-03F02F7661AA}.Debug|x86.Build.0 = Debug|Win32
		{320160F3-994E-4F03-BC2D-03F02F7661AA}.Release|x64.ActiveCfg = Release|x64
		{320160F3-994E-4F03-BC2D-03F02F7661AA}.Release|x64.Build.0 = Release|x64
		{320160F3-994E-4F03-BC2D-03F02F7661AA}.Release|x86.ActiveCfg = Release|Win32
		{320160F3-994E-4F03-BC2D-03F02F7661AA}.Release|x86.Build.0 = Release|Win32
		{EDDD9F0C-43CD-4705-90A6-E07340978131}.Debug|x64.ActiveCfg = Debug|x64
		{EDDD9F0C-43CD-4705-90A6-E07340978131}.Debug|x64.Build.0 = Debug|x64
		{EDDD9F0C-43CD-4705-90A6-E07340978131}.Debug|x86.ActiveCfg = Debug|Win32
		{EDDD9F0C-43CD-4705-90A6-E07340978131}.Debug|x86.Build.0 = Debug|Win32
		{EDDD9F0C-43CD-4705-90A6-E07340978131}.Release|x64.ActiveCfg = Release|x64
		{EDDD9F0C-43CD-4705-90A6-E07340978131}.Release|x64.Build.0 = Release|x64
		{EDDD9F0C-43CD-4705-90A6-E07340978131}.Release|x86.ActiveCfg = Release|Win32
		{EDDD9F0C-43CD-4705-90A6-E07340978131}.Release|x86.Build.0 = Release|Win32
		{6DB0EF02-DE3F-40B5-A271-0B7073328333}.Debug|x64.ActiveCfg = Debug|x64
		{6DB0EF02-DE3F-40B5-A271-0B7073328333}.Debug|x64.Build.0 = Debug|x64
		{6DB0EF02-DE3F-40B5-A271-0B7073328333}.Debug|x86.ActiveCfg = Debug|Win32
		{6DB0EF02-DE3F-40B5-A271-0B7073328333}.Debug|x86.Build.0 = Debug|Win32
		{6DB0EF02-DE3F-40B5-A271-0B7073328333}.Release|x64.ActiveCfg = Release|x64
		{6DB0EF02-DE3F-40B5-A271-0B7073328333}.Release|x64.Build.0 = Release|x64
		{6DB0EF02-DE3F-40B5-A271-0B7073328333}.Release|x86.ActiveCfg = Release|Win32
		{6DB0EF02-DE3F-40B5-A271-0B7073328333}.Release|x86.Build.0 = Release|Win32
	EndGlobalSection
	GlobalSection(SolutionProperties) = preSolution
		HideSolutionNode = FALSE
	EndGlobalSection
	GlobalSection(ExtensibilityGlobals) = postSolution
		SolutionGuid = {A94B5B8B-56CD-4536-BDF1-68288894A9D5}
	EndGlobalSection
EndGlobal
