
Microsoft Visual Studio Solution File, Format Version 12.00
# Visual Studio Version 16
VisualStudioVersion = 16.0.31729.503
MinimumVisualStudioVersion = 10.0.40219.1
Project("{8BC9CEB8-8B4A-11D0-8D11-00A0C91BC942}") = "01_2739", "01_2739\01_2739.vcxproj", "{AD0B6F05-36C3-4EBB-8AB4-24998801D908}"
EndProject
Project("{8BC9CEB8-8B4A-11D0-8D11-00A0C91BC942}") = "02_10950", "02_10950\02_10950.vcxproj", "{8363CE3A-F76B-481D-A6FB-FD14BA59471D}"
EndProject
Project("{8BC9CEB8-8B4A-11D0-8D11-00A0C91BC942}") = "03_8393", "03_8393\03_8393.vcxproj", "{7F7A2CA7-87C3-40BF-8B26-F0F10826CE20}"
EndProject
Project("{8BC9CEB8-8B4A-11D0-8D11-00A0C91BC942}") = "04_15552", "04_15552\04_15552.vcxproj", "{849AD897-E4C1-496A-B36C-F83228F375D9}"
EndProject
Project("{8BC9CEB8-8B4A-11D0-8D11-00A0C91BC942}") = "05_2741", "05_2741\05_2741.vcxproj", "{79C9B00F-F636-42BD-81B7-06A3AC8A7832}"
EndProject
Project("{8BC9CEB8-8B4A-11D0-8D11-00A0C91BC942}") = "06_2742", "06_2742\06_2742.vcxproj", "{3341C8A4-D319-4A40-8EF9-ACA783E98AAC}"
EndProject
Project("{8BC9CEB8-8B4A-11D0-8D11-00A0C91BC942}") = "07_11021", "07_11021\07_11021.vcxproj", "{586B0082-5B84-497C-9725-1E1A6FEA4EC5}"
EndProject
Project("{8BC9CEB8-8B4A-11D0-8D11-00A0C91BC942}") = "08_11022", "08_11022\08_11022.vcxproj", "{F452272D-7FF4-4236-B8C6-68BC573CAEF7}"
EndProject
Project("{8BC9CEB8-8B4A-11D0-8D11-00A0C91BC942}") = "09_2438", "09_2438\09_2438.vcxproj", "{811CF7AC-4A28-4489-8516-340FF5AD8B8B}"
EndProject
Project("{8BC9CEB8-8B4A-11D0-8D11-00A0C91BC942}") = "10_2439", "10_2439\10_2439.vcxproj", "{276EFA8C-310B-4EA6-B966-86030A56604A}"
EndProject
Project("{8BC9CEB8-8B4A-11D0-8D11-00A0C91BC942}") = "11_10871", "11_10871\11_10871.vcxproj", "{1ACD8481-B30E-4069-B951-47981D8ABE34}"
EndProject
Project("{8BC9CEB8-8B4A-11D0-8D11-00A0C91BC942}") = "12_10952", "12_10952\12_10952.vcxproj", "{754AB9D5-CAE0-4495-92D5-E055AC12F3AC}"
EndProject
Project("{8BC9CEB8-8B4A-11D0-8D11-00A0C91BC942}") = "13_10951", "13_10951\13_10951.vcxproj", "{7914C6B1-64A6-4C3A-9373-38A863AFD9D1}"
EndProject
Project("{8BC9CEB8-8B4A-11D0-8D11-00A0C91BC942}") = "14_1110", "14_1110\14_1110.vcxproj", "{6620E565-46BF-4C37-B3E4-A35B01C3A3A1}"
EndProject
Global
	GlobalSection(SolutionConfigurationPlatforms) = preSolution
		Debug|x64 = Debug|x64
		Debug|x86 = Debug|x86
		Release|x64 = Release|x64
		Release|x86 = Release|x86
	EndGlobalSection
	GlobalSection(ProjectConfigurationPlatforms) = postSolution
		{AD0B6F05-36C3-4EBB-8AB4-24998801D908}.Debug|x64.ActiveCfg = Debug|x64
		{AD0B6F05-36C3-4EBB-8AB4-24998801D908}.Debug|x64.Build.0 = Debug|x64
		{AD0B6F05-36C3-4EBB-8AB4-24998801D908}.Debug|x86.ActiveCfg = Debug|Win32
		{AD0B6F05-36C3-4EBB-8AB4-24998801D908}.Debug|x86.Build.0 = Debug|Win32
		{AD0B6F05-36C3-4EBB-8AB4-24998801D908}.Release|x64.ActiveCfg = Release|x64
		{AD0B6F05-36C3-4EBB-8AB4-24998801D908}.Release|x64.Build.0 = Release|x64
		{AD0B6F05-36C3-4EBB-8AB4-24998801D908}.Release|x86.ActiveCfg = Release|Win32
		{AD0B6F05-36C3-4EBB-8AB4-24998801D908}.Release|x86.Build.0 = Release|Win32
		{8363CE3A-F76B-481D-A6FB-FD14BA59471D}.Debug|x64.ActiveCfg = Debug|x64
		{8363CE3A-F76B-481D-A6FB-FD14BA59471D}.Debug|x64.Build.0 = Debug|x64
		{8363CE3A-F76B-481D-A6FB-FD14BA59471D}.Debug|x86.ActiveCfg = Debug|Win32
		{8363CE3A-F76B-481D-A6FB-FD14BA59471D}.Debug|x86.Build.0 = Debug|Win32
		{8363CE3A-F76B-481D-A6FB-FD14BA59471D}.Release|x64.ActiveCfg = Release|x64
		{8363CE3A-F76B-481D-A6FB-FD14BA59471D}.Release|x64.Build.0 = Release|x64
		{8363CE3A-F76B-481D-A6FB-FD14BA59471D}.Release|x86.ActiveCfg = Release|Win32
		{8363CE3A-F76B-481D-A6FB-FD14BA59471D}.Release|x86.Build.0 = Release|Win32
		{7F7A2CA7-87C3-40BF-8B26-F0F10826CE20}.Debug|x64.ActiveCfg = Debug|x64
		{7F7A2CA7-87C3-40BF-8B26-F0F10826CE20}.Debug|x64.Build.0 = Debug|x64
		{7F7A2CA7-87C3-40BF-8B26-F0F10826CE20}.Debug|x86.ActiveCfg = Debug|Win32
		{7F7A2CA7-87C3-40BF-8B26-F0F10826CE20}.Debug|x86.Build.0 = Debug|Win32
		{7F7A2CA7-87C3-40BF-8B26-F0F10826CE20}.Release|x64.ActiveCfg = Release|x64
		{7F7A2CA7-87C3-40BF-8B26-F0F10826CE20}.Release|x64.Build.0 = Release|x64
		{7F7A2CA7-87C3-40BF-8B26-F0F10826CE20}.Release|x86.ActiveCfg = Release|Win32
		{7F7A2CA7-87C3-40BF-8B26-F0F10826CE20}.Release|x86.Build.0 = Release|Win32
		{849AD897-E4C1-496A-B36C-F83228F375D9}.Debug|x64.ActiveCfg = Debug|x64
		{849AD897-E4C1-496A-B36C-F83228F375D9}.Debug|x64.Build.0 = Debug|x64
		{849AD897-E4C1-496A-B36C-F83228F375D9}.Debug|x86.ActiveCfg = Debug|Win32
		{849AD897-E4C1-496A-B36C-F83228F375D9}.Debug|x86.Build.0 = Debug|Win32
		{849AD897-E4C1-496A-B36C-F83228F375D9}.Release|x64.ActiveCfg = Release|x64
		{849AD897-E4C1-496A-B36C-F83228F375D9}.Release|x64.Build.0 = Release|x64
		{849AD897-E4C1-496A-B36C-F83228F375D9}.Release|x86.ActiveCfg = Release|Win32
		{849AD897-E4C1-496A-B36C-F83228F375D9}.Release|x86.Build.0 = Release|Win32
		{79C9B00F-F636-42BD-81B7-06A3AC8A7832}.Debug|x64.ActiveCfg = Debug|x64
		{79C9B00F-F636-42BD-81B7-06A3AC8A7832}.Debug|x64.Build.0 = Debug|x64
		{79C9B00F-F636-42BD-81B7-06A3AC8A7832}.Debug|x86.ActiveCfg = Debug|Win32
		{79C9B00F-F636-42BD-81B7-06A3AC8A7832}.Debug|x86.Build.0 = Debug|Win32
		{79C9B00F-F636-42BD-81B7-06A3AC8A7832}.Release|x64.ActiveCfg = Release|x64
		{79C9B00F-F636-42BD-81B7-06A3AC8A7832}.Release|x64.Build.0 = Release|x64
		{79C9B00F-F636-42BD-81B7-06A3AC8A7832}.Release|x86.ActiveCfg = Release|Win32
		{79C9B00F-F636-42BD-81B7-06A3AC8A7832}.Release|x86.Build.0 = Release|Win32
		{3341C8A4-D319-4A40-8EF9-ACA783E98AAC}.Debug|x64.ActiveCfg = Debug|x64
		{3341C8A4-D319-4A40-8EF9-ACA783E98AAC}.Debug|x64.Build.0 = Debug|x64
		{3341C8A4-D319-4A40-8EF9-ACA783E98AAC}.Debug|x86.ActiveCfg = Debug|Win32
		{3341C8A4-D319-4A40-8EF9-ACA783E98AAC}.Debug|x86.Build.0 = Debug|Win32
		{3341C8A4-D319-4A40-8EF9-ACA783E98AAC}.Release|x64.ActiveCfg = Release|x64
		{3341C8A4-D319-4A40-8EF9-ACA783E98AAC}.Release|x64.Build.0 = Release|x64
		{3341C8A4-D319-4A40-8EF9-ACA783E98AAC}.Release|x86.ActiveCfg = Release|Win32
		{3341C8A4-D319-4A40-8EF9-ACA783E98AAC}.Release|x86.Build.0 = Release|Win32
		{586B0082-5B84-497C-9725-1E1A6FEA4EC5}.Debug|x64.ActiveCfg = Debug|x64
		{586B0082-5B84-497C-9725-1E1A6FEA4EC5}.Debug|x64.Build.0 = Debug|x64
		{586B0082-5B84-497C-9725-1E1A6FEA4EC5}.Debug|x86.ActiveCfg = Debug|Win32
		{586B0082-5B84-497C-9725-1E1A6FEA4EC5}.Debug|x86.Build.0 = Debug|Win32
		{586B0082-5B84-497C-9725-1E1A6FEA4EC5}.Release|x64.ActiveCfg = Release|x64
		{586B0082-5B84-497C-9725-1E1A6FEA4EC5}.Release|x64.Build.0 = Release|x64
		{586B0082-5B84-497C-9725-1E1A6FEA4EC5}.Release|x86.ActiveCfg = Release|Win32
		{586B0082-5B84-497C-9725-1E1A6FEA4EC5}.Release|x86.Build.0 = Release|Win32
		{F452272D-7FF4-4236-B8C6-68BC573CAEF7}.Debug|x64.ActiveCfg = Debug|x64
		{F452272D-7FF4-4236-B8C6-68BC573CAEF7}.Debug|x64.Build.0 = Debug|x64
		{F452272D-7FF4-4236-B8C6-68BC573CAEF7}.Debug|x86.ActiveCfg = Debug|Win32
		{F452272D-7FF4-4236-B8C6-68BC573CAEF7}.Debug|x86.Build.0 = Debug|Win32
		{F452272D-7FF4-4236-B8C6-68BC573CAEF7}.Release|x64.ActiveCfg = Release|x64
		{F452272D-7FF4-4236-B8C6-68BC573CAEF7}.Release|x64.Build.0 = Release|x64
		{F452272D-7FF4-4236-B8C6-68BC573CAEF7}.Release|x86.ActiveCfg = Release|Win32
		{F452272D-7FF4-4236-B8C6-68BC573CAEF7}.Release|x86.Build.0 = Release|Win32
		{811CF7AC-4A28-4489-8516-340FF5AD8B8B}.Debug|x64.ActiveCfg = Debug|x64
		{811CF7AC-4A28-4489-8516-340FF5AD8B8B}.Debug|x64.Build.0 = Debug|x64
		{811CF7AC-4A28-4489-8516-340FF5AD8B8B}.Debug|x86.ActiveCfg = Debug|Win32
		{811CF7AC-4A28-4489-8516-340FF5AD8B8B}.Debug|x86.Build.0 = Debug|Win32
		{811CF7AC-4A28-4489-8516-340FF5AD8B8B}.Release|x64.ActiveCfg = Release|x64
		{811CF7AC-4A28-4489-8516-340FF5AD8B8B}.Release|x64.Build.0 = Release|x64
		{811CF7AC-4A28-4489-8516-340FF5AD8B8B}.Release|x86.ActiveCfg = Release|Win32
		{811CF7AC-4A28-4489-8516-340FF5AD8B8B}.Release|x86.Build.0 = Release|Win32
		{276EFA8C-310B-4EA6-B966-86030A56604A}.Debug|x64.ActiveCfg = Debug|x64
		{276EFA8C-310B-4EA6-B966-86030A56604A}.Debug|x64.Build.0 = Debug|x64
		{276EFA8C-310B-4EA6-B966-86030A56604A}.Debug|x86.ActiveCfg = Debug|Win32
		{276EFA8C-310B-4EA6-B966-86030A56604A}.Debug|x86.Build.0 = Debug|Win32
		{276EFA8C-310B-4EA6-B966-86030A56604A}.Release|x64.ActiveCfg = Release|x64
		{276EFA8C-310B-4EA6-B966-86030A56604A}.Release|x64.Build.0 = Release|x64
		{276EFA8C-310B-4EA6-B966-86030A56604A}.Release|x86.ActiveCfg = Release|Win32
		{276EFA8C-310B-4EA6-B966-86030A56604A}.Release|x86.Build.0 = Release|Win32
		{1ACD8481-B30E-4069-B951-47981D8ABE34}.Debug|x64.ActiveCfg = Debug|x64
		{1ACD8481-B30E-4069-B951-47981D8ABE34}.Debug|x64.Build.0 = Debug|x64
		{1ACD8481-B30E-4069-B951-47981D8ABE34}.Debug|x86.ActiveCfg = Debug|Win32
		{1ACD8481-B30E-4069-B951-47981D8ABE34}.Debug|x86.Build.0 = Debug|Win32
		{1ACD8481-B30E-4069-B951-47981D8ABE34}.Release|x64.ActiveCfg = Release|x64
		{1ACD8481-B30E-4069-B951-47981D8ABE34}.Release|x64.Build.0 = Release|x64
		{1ACD8481-B30E-4069-B951-47981D8ABE34}.Release|x86.ActiveCfg = Release|Win32
		{1ACD8481-B30E-4069-B951-47981D8ABE34}.Release|x86.Build.0 = Release|Win32
		{754AB9D5-CAE0-4495-92D5-E055AC12F3AC}.Debug|x64.ActiveCfg = Debug|x64
		{754AB9D5-CAE0-4495-92D5-E055AC12F3AC}.Debug|x64.Build.0 = Debug|x64
		{754AB9D5-CAE0-4495-92D5-E055AC12F3AC}.Debug|x86.ActiveCfg = Debug|Win32
		{754AB9D5-CAE0-4495-92D5-E055AC12F3AC}.Debug|x86.Build.0 = Debug|Win32
		{754AB9D5-CAE0-4495-92D5-E055AC12F3AC}.Release|x64.ActiveCfg = Release|x64
		{754AB9D5-CAE0-4495-92D5-E055AC12F3AC}.Release|x64.Build.0 = Release|x64
		{754AB9D5-CAE0-4495-92D5-E055AC12F3AC}.Release|x86.ActiveCfg = Release|Win32
		{754AB9D5-CAE0-4495-92D5-E055AC12F3AC}.Release|x86.Build.0 = Release|Win32
		{7914C6B1-64A6-4C3A-9373-38A863AFD9D1}.Debug|x64.ActiveCfg = Debug|x64
		{7914C6B1-64A6-4C3A-9373-38A863AFD9D1}.Debug|x64.Build.0 = Debug|x64
		{7914C6B1-64A6-4C3A-9373-38A863AFD9D1}.Debug|x86.ActiveCfg = Debug|Win32
		{7914C6B1-64A6-4C3A-9373-38A863AFD9D1}.Debug|x86.Build.0 = Debug|Win32
		{7914C6B1-64A6-4C3A-9373-38A863AFD9D1}.Release|x64.ActiveCfg = Release|x64
		{7914C6B1-64A6-4C3A-9373-38A863AFD9D1}.Release|x64.Build.0 = Release|x64
		{7914C6B1-64A6-4C3A-9373-38A863AFD9D1}.Release|x86.ActiveCfg = Release|Win32
		{7914C6B1-64A6-4C3A-9373-38A863AFD9D1}.Release|x86.Build.0 = Release|Win32
		{6620E565-46BF-4C37-B3E4-A35B01C3A3A1}.Debug|x64.ActiveCfg = Debug|x64
		{6620E565-46BF-4C37-B3E4-A35B01C3A3A1}.Debug|x64.Build.0 = Debug|x64
		{6620E565-46BF-4C37-B3E4-A35B01C3A3A1}.Debug|x86.ActiveCfg = Debug|Win32
		{6620E565-46BF-4C37-B3E4-A35B01C3A3A1}.Debug|x86.Build.0 = Debug|Win32
		{6620E565-46BF-4C37-B3E4-A35B01C3A3A1}.Release|x64.ActiveCfg = Release|x64
		{6620E565-46BF-4C37-B3E4-A35B01C3A3A1}.Release|x64.Build.0 = Release|x64
		{6620E565-46BF-4C37-B3E4-A35B01C3A3A1}.Release|x86.ActiveCfg = Release|Win32
		{6620E565-46BF-4C37-B3E4-A35B01C3A3A1}.Release|x86.Build.0 = Release|Win32
	EndGlobalSection
	GlobalSection(SolutionProperties) = preSolution
		HideSolutionNode = FALSE
	EndGlobalSection
	GlobalSection(ExtensibilityGlobals) = postSolution
		SolutionGuid = {7BA23F40-33D3-4E6B-AE0B-1A6B3B53E1A6}
	EndGlobalSection
EndGlobal
