
Microsoft Visual Studio Solution File, Format Version 12.00
# Visual Studio Version 16
VisualStudioVersion = 16.0.31729.503
MinimumVisualStudioVersion = 10.0.40219.1
Project("{8BC9CEB8-8B4A-11D0-8D11-00A0C91BC942}") = "01_2557", "01_2557\01_2557.vcxproj", "{2D6E0979-3C0A-45A9-BA46-D782BF7C069F}"
EndProject
Project("{8BC9CEB8-8B4A-11D0-8D11-00A0C91BC942}") = "02_10718", "02_10718\02_10718.vcxproj", "{2522428B-B038-426C-992C-829BBED84A77}"
EndProject
Project("{8BC9CEB8-8B4A-11D0-8D11-00A0C91BC942}") = "05_1000", "05_1000\05_1000.vcxproj", "{4015202F-DBA7-4BBE-8D34-6B7F670FBB57}"
EndProject
Project("{8BC9CEB8-8B4A-11D0-8D11-00A0C91BC942}") = "06_1001", "06_1001\06_1001.vcxproj", "{FD9B768A-0FCE-471B-87CF-FFF119619DF2}"
EndProject
Project("{8BC9CEB8-8B4A-11D0-8D11-00A0C91BC942}") = "07_10998", "07_10998\07_10998.vcxproj", "{9B40482A-B3FC-4928-8E06-BBD77710515B}"
EndProject
Project("{8BC9CEB8-8B4A-11D0-8D11-00A0C91BC942}") = "08_1008", "08_1008\08_1008.vcxproj", "{55823533-500E-483D-8984-7790775B2E9F}"
EndProject
Project("{8BC9CEB8-8B4A-11D0-8D11-00A0C91BC942}") = "09_10869", "09_10869\09_10869.vcxproj", "{83D543F2-F353-46AE-85C9-566FF02E5E18}"
EndProject
Project("{8BC9CEB8-8B4A-11D0-8D11-00A0C91BC942}") = "10_10926", "10_10926\10_10926.vcxproj", "{87AD2EA9-0ADE-4E17-BB7B-E2FCD357C4BE}"
EndProject
Project("{8BC9CEB8-8B4A-11D0-8D11-00A0C91BC942}") = "11_18108", "11_18108\11_18108.vcxproj", "{226869A1-50CD-443F-9C76-0511735646F7}"
EndProject
Project("{8BC9CEB8-8B4A-11D0-8D11-00A0C91BC942}") = "12_10430", "12_10430\12_10430.vcxproj", "{BC0AF3F8-7C9E-4C0A-B549-82E4DB4880E9}"
EndProject
Project("{8BC9CEB8-8B4A-11D0-8D11-00A0C91BC942}") = "04_10172", "04_10172\04_10172.vcxproj", "{D01BB952-7C40-4B63-8F4F-C2269B064F1C}"
EndProject
Project("{8BC9CEB8-8B4A-11D0-8D11-00A0C91BC942}") = "03_10171", "03_10171\03_10171.vcxproj", "{F3EDF27B-BA1D-49AD-ADB4-70D4F70855A5}"
EndProject
Project("{8BC9CEB8-8B4A-11D0-8D11-00A0C91BC942}") = "13_2588", "13_2588\13_2588.vcxproj", "{8919360F-7CB7-405D-A0A9-5C813E3205B4}"
EndProject
Project("{8BC9CEB8-8B4A-11D0-8D11-00A0C91BC942}") = "14_25083", "14_25083\14_25083.vcxproj", "{B9E1C072-5EFF-4F1C-B6D0-E88A582A4402}"
EndProject
Global
	GlobalSection(SolutionConfigurationPlatforms) = preSolution
		Debug|x64 = Debug|x64
		Debug|x86 = Debug|x86
		Release|x64 = Release|x64
		Release|x86 = Release|x86
	EndGlobalSection
	GlobalSection(ProjectConfigurationPlatforms) = postSolution
		{2D6E0979-3C0A-45A9-BA46-D782BF7C069F}.Debug|x64.ActiveCfg = Debug|x64
		{2D6E0979-3C0A-45A9-BA46-D782BF7C069F}.Debug|x64.Build.0 = Debug|x64
		{2D6E0979-3C0A-45A9-BA46-D782BF7C069F}.Debug|x86.ActiveCfg = Debug|Win32
		{2D6E0979-3C0A-45A9-BA46-D782BF7C069F}.Debug|x86.Build.0 = Debug|Win32
		{2D6E0979-3C0A-45A9-BA46-D782BF7C069F}.Release|x64.ActiveCfg = Release|x64
		{2D6E0979-3C0A-45A9-BA46-D782BF7C069F}.Release|x64.Build.0 = Release|x64
		{2D6E0979-3C0A-45A9-BA46-D782BF7C069F}.Release|x86.ActiveCfg = Release|Win32
		{2D6E0979-3C0A-45A9-BA46-D782BF7C069F}.Release|x86.Build.0 = Release|Win32
		{2522428B-B038-426C-992C-829BBED84A77}.Debug|x64.ActiveCfg = Debug|x64
		{2522428B-B038-426C-992C-829BBED84A77}.Debug|x64.Build.0 = Debug|x64
		{2522428B-B038-426C-992C-829BBED84A77}.Debug|x86.ActiveCfg = Debug|Win32
		{2522428B-B038-426C-992C-829BBED84A77}.Debug|x86.Build.0 = Debug|Win32
		{2522428B-B038-426C-992C-829BBED84A77}.Release|x64.ActiveCfg = Release|x64
		{2522428B-B038-426C-992C-829BBED84A77}.Release|x64.Build.0 = Release|x64
		{2522428B-B038-426C-992C-829BBED84A77}.Release|x86.ActiveCfg = Release|Win32
		{2522428B-B038-426C-992C-829BBED84A77}.Release|x86.Build.0 = Release|Win32
		{4015202F-DBA7-4BBE-8D34-6B7F670FBB57}.Debug|x64.ActiveCfg = Debug|x64
		{4015202F-DBA7-4BBE-8D34-6B7F670FBB57}.Debug|x64.Build.0 = Debug|x64
		{4015202F-DBA7-4BBE-8D34-6B7F670FBB57}.Debug|x86.ActiveCfg = Debug|Win32
		{4015202F-DBA7-4BBE-8D34-6B7F670FBB57}.Debug|x86.Build.0 = Debug|Win32
		{4015202F-DBA7-4BBE-8D34-6B7F670FBB57}.Release|x64.ActiveCfg = Release|x64
		{4015202F-DBA7-4BBE-8D34-6B7F670FBB57}.Release|x64.Build.0 = Release|x64
		{4015202F-DBA7-4BBE-8D34-6B7F670FBB57}.Release|x86.ActiveCfg = Release|Win32
		{4015202F-DBA7-4BBE-8D34-6B7F670FBB57}.Release|x86.Build.0 = Release|Win32
		{FD9B768A-0FCE-471B-87CF-FFF119619DF2}.Debug|x64.ActiveCfg = Debug|x64
		{FD9B768A-0FCE-471B-87CF-FFF119619DF2}.Debug|x64.Build.0 = Debug|x64
		{FD9B768A-0FCE-471B-87CF-FFF119619DF2}.Debug|x86.ActiveCfg = Debug|Win32
		{FD9B768A-0FCE-471B-87CF-FFF119619DF2}.Debug|x86.Build.0 = Debug|Win32
		{FD9B768A-0FCE-471B-87CF-FFF119619DF2}.Release|x64.ActiveCfg = Release|x64
		{FD9B768A-0FCE-471B-87CF-FFF119619DF2}.Release|x64.Build.0 = Release|x64
		{FD9B768A-0FCE-471B-87CF-FFF119619DF2}.Release|x86.ActiveCfg = Release|Win32
		{FD9B768A-0FCE-471B-87CF-FFF119619DF2}.Release|x86.Build.0 = Release|Win32
		{9B40482A-B3FC-4928-8E06-BBD77710515B}.Debug|x64.ActiveCfg = Debug|x64
		{9B40482A-B3FC-4928-8E06-BBD77710515B}.Debug|x64.Build.0 = Debug|x64
		{9B40482A-B3FC-4928-8E06-BBD77710515B}.Debug|x86.ActiveCfg = Debug|Win32
		{9B40482A-B3FC-4928-8E06-BBD77710515B}.Debug|x86.Build.0 = Debug|Win32
		{9B40482A-B3FC-4928-8E06-BBD77710515B}.Release|x64.ActiveCfg = Release|x64
		{9B40482A-B3FC-4928-8E06-BBD77710515B}.Release|x64.Build.0 = Release|x64
		{9B40482A-B3FC-4928-8E06-BBD77710515B}.Release|x86.ActiveCfg = Release|Win32
		{9B40482A-B3FC-4928-8E06-BBD77710515B}.Release|x86.Build.0 = Release|Win32
		{55823533-500E-483D-8984-7790775B2E9F}.Debug|x64.ActiveCfg = Debug|x64
		{55823533-500E-483D-8984-7790775B2E9F}.Debug|x64.Build.0 = Debug|x64
		{55823533-500E-483D-8984-7790775B2E9F}.Debug|x86.ActiveCfg = Debug|Win32
		{55823533-500E-483D-8984-7790775B2E9F}.Debug|x86.Build.0 = Debug|Win32
		{55823533-500E-483D-8984-7790775B2E9F}.Release|x64.ActiveCfg = Release|x64
		{55823533-500E-483D-8984-7790775B2E9F}.Release|x64.Build.0 = Release|x64
		{55823533-500E-483D-8984-7790775B2E9F}.Release|x86.ActiveCfg = Release|Win32
		{55823533-500E-483D-8984-7790775B2E9F}.Release|x86.Build.0 = Release|Win32
		{83D543F2-F353-46AE-85C9-566FF02E5E18}.Debug|x64.ActiveCfg = Debug|x64
		{83D543F2-F353-46AE-85C9-566FF02E5E18}.Debug|x64.Build.0 = Debug|x64
		{83D543F2-F353-46AE-85C9-566FF02E5E18}.Debug|x86.ActiveCfg = Debug|Win32
		{83D543F2-F353-46AE-85C9-566FF02E5E18}.Debug|x86.Build.0 = Debug|Win32
		{83D543F2-F353-46AE-85C9-566FF02E5E18}.Release|x64.ActiveCfg = Release|x64
		{83D543F2-F353-46AE-85C9-566FF02E5E18}.Release|x64.Build.0 = Release|x64
		{83D543F2-F353-46AE-85C9-566FF02E5E18}.Release|x86.ActiveCfg = Release|Win32
		{83D543F2-F353-46AE-85C9-566FF02E5E18}.Release|x86.Build.0 = Release|Win32
		{87AD2EA9-0ADE-4E17-BB7B-E2FCD357C4BE}.Debug|x64.ActiveCfg = Debug|x64
		{87AD2EA9-0ADE-4E17-BB7B-E2FCD357C4BE}.Debug|x64.Build.0 = Debug|x64
		{87AD2EA9-0ADE-4E17-BB7B-E2FCD357C4BE}.Debug|x86.ActiveCfg = Debug|Win32
		{87AD2EA9-0ADE-4E17-BB7B-E2FCD357C4BE}.Debug|x86.Build.0 = Debug|Win32
		{87AD2EA9-0ADE-4E17-BB7B-E2FCD357C4BE}.Release|x64.ActiveCfg = Release|x64
		{87AD2EA9-0ADE-4E17-BB7B-E2FCD357C4BE}.Release|x64.Build.0 = Release|x64
		{87AD2EA9-0ADE-4E17-BB7B-E2FCD357C4BE}.Release|x86.ActiveCfg = Release|Win32
		{87AD2EA9-0ADE-4E17-BB7B-E2FCD357C4BE}.Release|x86.Build.0 = Release|Win32
		{226869A1-50CD-443F-9C76-0511735646F7}.Debug|x64.ActiveCfg = Debug|x64
		{226869A1-50CD-443F-9C76-0511735646F7}.Debug|x64.Build.0 = Debug|x64
		{226869A1-50CD-443F-9C76-0511735646F7}.Debug|x86.ActiveCfg = Debug|Win32
		{226869A1-50CD-443F-9C76-0511735646F7}.Debug|x86.Build.0 = Debug|Win32
		{226869A1-50CD-443F-9C76-0511735646F7}.Release|x64.ActiveCfg = Release|x64
		{226869A1-50CD-443F-9C76-0511735646F7}.Release|x64.Build.0 = Release|x64
		{226869A1-50CD-443F-9C76-0511735646F7}.Release|x86.ActiveCfg = Release|Win32
		{226869A1-50CD-443F-9C76-0511735646F7}.Release|x86.Build.0 = Release|Win32
		{BC0AF3F8-7C9E-4C0A-B549-82E4DB4880E9}.Debug|x64.ActiveCfg = Debug|x64
		{BC0AF3F8-7C9E-4C0A-B549-82E4DB4880E9}.Debug|x64.Build.0 = Debug|x64
		{BC0AF3F8-7C9E-4C0A-B549-82E4DB4880E9}.Debug|x86.ActiveCfg = Debug|Win32
		{BC0AF3F8-7C9E-4C0A-B549-82E4DB4880E9}.Debug|x86.Build.0 = Debug|Win32
		{BC0AF3F8-7C9E-4C0A-B549-82E4DB4880E9}.Release|x64.ActiveCfg = Release|x64
		{BC0AF3F8-7C9E-4C0A-B549-82E4DB4880E9}.Release|x64.Build.0 = Release|x64
		{BC0AF3F8-7C9E-4C0A-B549-82E4DB4880E9}.Release|x86.ActiveCfg = Release|Win32
		{BC0AF3F8-7C9E-4C0A-B549-82E4DB4880E9}.Release|x86.Build.0 = Release|Win32
		{D01BB952-7C40-4B63-8F4F-C2269B064F1C}.Debug|x64.ActiveCfg = Debug|x64
		{D01BB952-7C40-4B63-8F4F-C2269B064F1C}.Debug|x64.Build.0 = Debug|x64
		{D01BB952-7C40-4B63-8F4F-C2269B064F1C}.Debug|x86.ActiveCfg = Debug|Win32
		{D01BB952-7C40-4B63-8F4F-C2269B064F1C}.Debug|x86.Build.0 = Debug|Win32
		{D01BB952-7C40-4B63-8F4F-C2269B064F1C}.Release|x64.ActiveCfg = Release|x64
		{D01BB952-7C40-4B63-8F4F-C2269B064F1C}.Release|x64.Build.0 = Release|x64
		{D01BB952-7C40-4B63-8F4F-C2269B064F1C}.Release|x86.ActiveCfg = Release|Win32
		{D01BB952-7C40-4B63-8F4F-C2269B064F1C}.Release|x86.Build.0 = Release|Win32
		{F3EDF27B-BA1D-49AD-ADB4-70D4F70855A5}.Debug|x64.ActiveCfg = Debug|x64
		{F3EDF27B-BA1D-49AD-ADB4-70D4F70855A5}.Debug|x64.Build.0 = Debug|x64
		{F3EDF27B-BA1D-49AD-ADB4-70D4F70855A5}.Debug|x86.ActiveCfg = Debug|Win32
		{F3EDF27B-BA1D-49AD-ADB4-70D4F70855A5}.Debug|x86.Build.0 = Debug|Win32
		{F3EDF27B-BA1D-49AD-ADB4-70D4F70855A5}.Release|x64.ActiveCfg = Release|x64
		{F3EDF27B-BA1D-49AD-ADB4-70D4F70855A5}.Release|x64.Build.0 = Release|x64
		{F3EDF27B-BA1D-49AD-ADB4-70D4F70855A5}.Release|x86.ActiveCfg = Release|Win32
		{F3EDF27B-BA1D-49AD-ADB4-70D4F70855A5}.Release|x86.Build.0 = Release|Win32
		{8919360F-7CB7-405D-A0A9-5C813E3205B4}.Debug|x64.ActiveCfg = Debug|x64
		{8919360F-7CB7-405D-A0A9-5C813E3205B4}.Debug|x64.Build.0 = Debug|x64
		{8919360F-7CB7-405D-A0A9-5C813E3205B4}.Debug|x86.ActiveCfg = Debug|Win32
		{8919360F-7CB7-405D-A0A9-5C813E3205B4}.Debug|x86.Build.0 = Debug|Win32
		{8919360F-7CB7-405D-A0A9-5C813E3205B4}.Release|x64.ActiveCfg = Release|x64
		{8919360F-7CB7-405D-A0A9-5C813E3205B4}.Release|x64.Build.0 = Release|x64
		{8919360F-7CB7-405D-A0A9-5C813E3205B4}.Release|x86.ActiveCfg = Release|Win32
		{8919360F-7CB7-405D-A0A9-5C813E3205B4}.Release|x86.Build.0 = Release|Win32
		{B9E1C072-5EFF-4F1C-B6D0-E88A582A4402}.Debug|x64.ActiveCfg = Debug|x64
		{B9E1C072-5EFF-4F1C-B6D0-E88A582A4402}.Debug|x64.Build.0 = Debug|x64
		{B9E1C072-5EFF-4F1C-B6D0-E88A582A4402}.Debug|x86.ActiveCfg = Debug|Win32
		{B9E1C072-5EFF-4F1C-B6D0-E88A582A4402}.Debug|x86.Build.0 = Debug|Win32
		{B9E1C072-5EFF-4F1C-B6D0-E88A582A4402}.Release|x64.ActiveCfg = Release|x64
		{B9E1C072-5EFF-4F1C-B6D0-E88A582A4402}.Release|x64.Build.0 = Release|x64
		{B9E1C072-5EFF-4F1C-B6D0-E88A582A4402}.Release|x86.ActiveCfg = Release|Win32
		{B9E1C072-5EFF-4F1C-B6D0-E88A582A4402}.Release|x86.Build.0 = Release|Win32
	EndGlobalSection
	GlobalSection(SolutionProperties) = preSolution
		HideSolutionNode = FALSE
	EndGlobalSection
	GlobalSection(ExtensibilityGlobals) = postSolution
		SolutionGuid = {8482E5D5-EF41-4C31-B278-4C04A02DF7B3}
	EndGlobalSection
EndGlobal
